// !$*UTF8*$!
{
	archiveVersion = 1;
	classes = {
	};
	objectVersion = 46;
	objects = {

/* Begin PBXBuildFile section */
		2484921B1AF6B386000151A2 /* LoggerLogger.framework in Frameworks */ = {isa = PBXBuildFile; fileRef = 2484920F1AF6B386000151A2 /* LoggerLogger.framework */; };
		2484923B1AF6BA83000151A2 /* LoggerLogger.framework in Frameworks */ = {isa = PBXBuildFile; fileRef = 248492301AF6BA83000151A2 /* LoggerLogger.framework */; };
		249DA05C1B0F5C7B00387A97 /* Nimble.framework in CopyFiles */ = {isa = PBXBuildFile; fileRef = 24E1C3961AFA59C900FB689B /* Nimble.framework */; settings = {ATTRIBUTES = (CodeSignOnCopy, RemoveHeadersOnCopy, ); }; };
		249DA05D1B0F5C7B00387A97 /* Quick.framework in CopyFiles */ = {isa = PBXBuildFile; fileRef = 24E1C3971AFA59C900FB689B /* Quick.framework */; settings = {ATTRIBUTES = (CodeSignOnCopy, RemoveHeadersOnCopy, ); }; };
		249DA05F1B0F5C9B00387A97 /* Nimble.framework in CopyFiles */ = {isa = PBXBuildFile; fileRef = 24E1C3921AFA59A600FB689B /* Nimble.framework */; settings = {ATTRIBUTES = (CodeSignOnCopy, RemoveHeadersOnCopy, ); }; };
		249DA0601B0F5C9B00387A97 /* Quick.framework in CopyFiles */ = {isa = PBXBuildFile; fileRef = 24E1C3931AFA59A600FB689B /* Quick.framework */; settings = {ATTRIBUTES = (CodeSignOnCopy, RemoveHeadersOnCopy, ); }; };
		24E1C2F41AFA58E300FB689B /* Basename.swift in Sources */ = {isa = PBXBuildFile; fileRef = 24E1C2E01AFA58E300FB689B /* Basename.swift */; };
		24E1C2F51AFA58E300FB689B /* Basename.swift in Sources */ = {isa = PBXBuildFile; fileRef = 24E1C2E01AFA58E300FB689B /* Basename.swift */; };
		24E1C2F61AFA58E300FB689B /* Basename.swift in Sources */ = {isa = PBXBuildFile; fileRef = 24E1C2E01AFA58E300FB689B /* Basename.swift */; };
		24E1C2F71AFA58E300FB689B /* Basename.swift in Sources */ = {isa = PBXBuildFile; fileRef = 24E1C2E01AFA58E300FB689B /* Basename.swift */; };
		24E1C2F81AFA58E300FB689B /* Configuration.swift in Sources */ = {isa = PBXBuildFile; fileRef = 24E1C2E11AFA58E300FB689B /* Configuration.swift */; };
		24E1C2F91AFA58E300FB689B /* Configuration.swift in Sources */ = {isa = PBXBuildFile; fileRef = 24E1C2E11AFA58E300FB689B /* Configuration.swift */; };
		24E1C2FA1AFA58E300FB689B /* Configuration.swift in Sources */ = {isa = PBXBuildFile; fileRef = 24E1C2E11AFA58E300FB689B /* Configuration.swift */; };
		24E1C2FB1AFA58E300FB689B /* Configuration.swift in Sources */ = {isa = PBXBuildFile; fileRef = 24E1C2E11AFA58E300FB689B /* Configuration.swift */; };
		24E1C2FC1AFA58E300FB689B /* ConfigurationProvider.swift in Sources */ = {isa = PBXBuildFile; fileRef = 24E1C2E21AFA58E300FB689B /* ConfigurationProvider.swift */; };
		24E1C2FD1AFA58E300FB689B /* ConfigurationProvider.swift in Sources */ = {isa = PBXBuildFile; fileRef = 24E1C2E21AFA58E300FB689B /* ConfigurationProvider.swift */; };
		24E1C2FE1AFA58E300FB689B /* ConfigurationProvider.swift in Sources */ = {isa = PBXBuildFile; fileRef = 24E1C2E21AFA58E300FB689B /* ConfigurationProvider.swift */; };
		24E1C2FF1AFA58E300FB689B /* ConfigurationProvider.swift in Sources */ = {isa = PBXBuildFile; fileRef = 24E1C2E21AFA58E300FB689B /* ConfigurationProvider.swift */; };
		24E1C3001AFA58E300FB689B /* ConfigurationProviderManager.swift in Sources */ = {isa = PBXBuildFile; fileRef = 24E1C2E31AFA58E300FB689B /* ConfigurationProviderManager.swift */; };
		24E1C3011AFA58E300FB689B /* ConfigurationProviderManager.swift in Sources */ = {isa = PBXBuildFile; fileRef = 24E1C2E31AFA58E300FB689B /* ConfigurationProviderManager.swift */; };
		24E1C3021AFA58E300FB689B /* ConfigurationProviderManager.swift in Sources */ = {isa = PBXBuildFile; fileRef = 24E1C2E31AFA58E300FB689B /* ConfigurationProviderManager.swift */; };
		24E1C3031AFA58E300FB689B /* ConfigurationProviderManager.swift in Sources */ = {isa = PBXBuildFile; fileRef = 24E1C2E31AFA58E300FB689B /* ConfigurationProviderManager.swift */; };
		24E1C3041AFA58E300FB689B /* ConsoleMessageWriter.swift in Sources */ = {isa = PBXBuildFile; fileRef = 24E1C2E41AFA58E300FB689B /* ConsoleMessageWriter.swift */; };
		24E1C3051AFA58E300FB689B /* ConsoleMessageWriter.swift in Sources */ = {isa = PBXBuildFile; fileRef = 24E1C2E41AFA58E300FB689B /* ConsoleMessageWriter.swift */; };
		24E1C3061AFA58E300FB689B /* ConsoleMessageWriter.swift in Sources */ = {isa = PBXBuildFile; fileRef = 24E1C2E41AFA58E300FB689B /* ConsoleMessageWriter.swift */; };
		24E1C3071AFA58E300FB689B /* ConsoleMessageWriter.swift in Sources */ = {isa = PBXBuildFile; fileRef = 24E1C2E41AFA58E300FB689B /* ConsoleMessageWriter.swift */; };
		24E1C3081AFA58E300FB689B /* DateFormatterPool.swift in Sources */ = {isa = PBXBuildFile; fileRef = 24E1C2E51AFA58E300FB689B /* DateFormatterPool.swift */; };
		24E1C3091AFA58E300FB689B /* DateFormatterPool.swift in Sources */ = {isa = PBXBuildFile; fileRef = 24E1C2E51AFA58E300FB689B /* DateFormatterPool.swift */; };
		24E1C30A1AFA58E300FB689B /* DateFormatterPool.swift in Sources */ = {isa = PBXBuildFile; fileRef = 24E1C2E51AFA58E300FB689B /* DateFormatterPool.swift */; };
		24E1C30B1AFA58E300FB689B /* DateFormatterPool.swift in Sources */ = {isa = PBXBuildFile; fileRef = 24E1C2E51AFA58E300FB689B /* DateFormatterPool.swift */; };
		24E1C30C1AFA58E300FB689B /* DefaultMessageFormatter.swift in Sources */ = {isa = PBXBuildFile; fileRef = 24E1C2E61AFA58E300FB689B /* DefaultMessageFormatter.swift */; };
		24E1C30D1AFA58E300FB689B /* DefaultMessageFormatter.swift in Sources */ = {isa = PBXBuildFile; fileRef = 24E1C2E61AFA58E300FB689B /* DefaultMessageFormatter.swift */; };
		24E1C30E1AFA58E300FB689B /* DefaultMessageFormatter.swift in Sources */ = {isa = PBXBuildFile; fileRef = 24E1C2E61AFA58E300FB689B /* DefaultMessageFormatter.swift */; };
		24E1C30F1AFA58E300FB689B /* DefaultMessageFormatter.swift in Sources */ = {isa = PBXBuildFile; fileRef = 24E1C2E61AFA58E300FB689B /* DefaultMessageFormatter.swift */; };
		24E1C3141AFA58E300FB689B /* InMemoryDateFormatterPool.swift in Sources */ = {isa = PBXBuildFile; fileRef = 24E1C2E81AFA58E300FB689B /* InMemoryDateFormatterPool.swift */; };
		24E1C3151AFA58E300FB689B /* InMemoryDateFormatterPool.swift in Sources */ = {isa = PBXBuildFile; fileRef = 24E1C2E81AFA58E300FB689B /* InMemoryDateFormatterPool.swift */; };
		24E1C3161AFA58E300FB689B /* InMemoryDateFormatterPool.swift in Sources */ = {isa = PBXBuildFile; fileRef = 24E1C2E81AFA58E300FB689B /* InMemoryDateFormatterPool.swift */; };
		24E1C3171AFA58E300FB689B /* InMemoryDateFormatterPool.swift in Sources */ = {isa = PBXBuildFile; fileRef = 24E1C2E81AFA58E300FB689B /* InMemoryDateFormatterPool.swift */; };
		24E1C3181AFA58E300FB689B /* Level.swift in Sources */ = {isa = PBXBuildFile; fileRef = 24E1C2E91AFA58E300FB689B /* Level.swift */; };
		24E1C3191AFA58E300FB689B /* Level.swift in Sources */ = {isa = PBXBuildFile; fileRef = 24E1C2E91AFA58E300FB689B /* Level.swift */; };
		24E1C31A1AFA58E300FB689B /* Level.swift in Sources */ = {isa = PBXBuildFile; fileRef = 24E1C2E91AFA58E300FB689B /* Level.swift */; };
		24E1C31B1AFA58E300FB689B /* Level.swift in Sources */ = {isa = PBXBuildFile; fileRef = 24E1C2E91AFA58E300FB689B /* Level.swift */; };
		24E1C31C1AFA58E300FB689B /* Logger.swift in Sources */ = {isa = PBXBuildFile; fileRef = 24E1C2EA1AFA58E300FB689B /* Logger.swift */; };
		24E1C31D1AFA58E300FB689B /* Logger.swift in Sources */ = {isa = PBXBuildFile; fileRef = 24E1C2EA1AFA58E300FB689B /* Logger.swift */; };
		24E1C31E1AFA58E300FB689B /* Logger.swift in Sources */ = {isa = PBXBuildFile; fileRef = 24E1C2EA1AFA58E300FB689B /* Logger.swift */; };
		24E1C31F1AFA58E300FB689B /* Logger.swift in Sources */ = {isa = PBXBuildFile; fileRef = 24E1C2EA1AFA58E300FB689B /* Logger.swift */; };
		24E1C3201AFA58E300FB689B /* MessageFormatter.swift in Sources */ = {isa = PBXBuildFile; fileRef = 24E1C2EB1AFA58E300FB689B /* MessageFormatter.swift */; };
		24E1C3211AFA58E300FB689B /* MessageFormatter.swift in Sources */ = {isa = PBXBuildFile; fileRef = 24E1C2EB1AFA58E300FB689B /* MessageFormatter.swift */; };
		24E1C3221AFA58E300FB689B /* MessageFormatter.swift in Sources */ = {isa = PBXBuildFile; fileRef = 24E1C2EB1AFA58E300FB689B /* MessageFormatter.swift */; };
		24E1C3231AFA58E300FB689B /* MessageFormatter.swift in Sources */ = {isa = PBXBuildFile; fileRef = 24E1C2EB1AFA58E300FB689B /* MessageFormatter.swift */; };
		24E1C3241AFA58E300FB689B /* MessagePosition.swift in Sources */ = {isa = PBXBuildFile; fileRef = 24E1C2EC1AFA58E300FB689B /* MessagePosition.swift */; };
		24E1C3251AFA58E300FB689B /* MessagePosition.swift in Sources */ = {isa = PBXBuildFile; fileRef = 24E1C2EC1AFA58E300FB689B /* MessagePosition.swift */; };
		24E1C3261AFA58E300FB689B /* MessagePosition.swift in Sources */ = {isa = PBXBuildFile; fileRef = 24E1C2EC1AFA58E300FB689B /* MessagePosition.swift */; };
		24E1C3271AFA58E300FB689B /* MessagePosition.swift in Sources */ = {isa = PBXBuildFile; fileRef = 24E1C2EC1AFA58E300FB689B /* MessagePosition.swift */; };
		24E1C3281AFA58E300FB689B /* MessageProvider.swift in Sources */ = {isa = PBXBuildFile; fileRef = 24E1C2ED1AFA58E300FB689B /* MessageProvider.swift */; };
		24E1C3291AFA58E300FB689B /* MessageProvider.swift in Sources */ = {isa = PBXBuildFile; fileRef = 24E1C2ED1AFA58E300FB689B /* MessageProvider.swift */; };
		24E1C32A1AFA58E300FB689B /* MessageProvider.swift in Sources */ = {isa = PBXBuildFile; fileRef = 24E1C2ED1AFA58E300FB689B /* MessageProvider.swift */; };
		24E1C32B1AFA58E300FB689B /* MessageProvider.swift in Sources */ = {isa = PBXBuildFile; fileRef = 24E1C2ED1AFA58E300FB689B /* MessageProvider.swift */; };
		24E1C32C1AFA58E300FB689B /* MessageWriter.swift in Sources */ = {isa = PBXBuildFile; fileRef = 24E1C2EE1AFA58E300FB689B /* MessageWriter.swift */; };
		24E1C32D1AFA58E300FB689B /* MessageWriter.swift in Sources */ = {isa = PBXBuildFile; fileRef = 24E1C2EE1AFA58E300FB689B /* MessageWriter.swift */; };
		24E1C32E1AFA58E300FB689B /* MessageWriter.swift in Sources */ = {isa = PBXBuildFile; fileRef = 24E1C2EE1AFA58E300FB689B /* MessageWriter.swift */; };
		24E1C32F1AFA58E300FB689B /* MessageWriter.swift in Sources */ = {isa = PBXBuildFile; fileRef = 24E1C2EE1AFA58E300FB689B /* MessageWriter.swift */; };
		24E1C3301AFA58E300FB689B /* MessageWriterManager.swift in Sources */ = {isa = PBXBuildFile; fileRef = 24E1C2EF1AFA58E300FB689B /* MessageWriterManager.swift */; };
		24E1C3311AFA58E300FB689B /* MessageWriterManager.swift in Sources */ = {isa = PBXBuildFile; fileRef = 24E1C2EF1AFA58E300FB689B /* MessageWriterManager.swift */; };
		24E1C3321AFA58E300FB689B /* MessageWriterManager.swift in Sources */ = {isa = PBXBuildFile; fileRef = 24E1C2EF1AFA58E300FB689B /* MessageWriterManager.swift */; };
		24E1C3331AFA58E300FB689B /* MessageWriterManager.swift in Sources */ = {isa = PBXBuildFile; fileRef = 24E1C2EF1AFA58E300FB689B /* MessageWriterManager.swift */; };
		24E1C3341AFA58E300FB689B /* PlistConfigurationProvider.swift in Sources */ = {isa = PBXBuildFile; fileRef = 24E1C2F01AFA58E300FB689B /* PlistConfigurationProvider.swift */; };
		24E1C3351AFA58E300FB689B /* PlistConfigurationProvider.swift in Sources */ = {isa = PBXBuildFile; fileRef = 24E1C2F01AFA58E300FB689B /* PlistConfigurationProvider.swift */; };
		24E1C3361AFA58E300FB689B /* PlistConfigurationProvider.swift in Sources */ = {isa = PBXBuildFile; fileRef = 24E1C2F01AFA58E300FB689B /* PlistConfigurationProvider.swift */; };
		24E1C3371AFA58E300FB689B /* PlistConfigurationProvider.swift in Sources */ = {isa = PBXBuildFile; fileRef = 24E1C2F01AFA58E300FB689B /* PlistConfigurationProvider.swift */; };
		24E1C3381AFA58E300FB689B /* Range.swift in Sources */ = {isa = PBXBuildFile; fileRef = 24E1C2F11AFA58E300FB689B /* Range.swift */; };
		24E1C3391AFA58E300FB689B /* Range.swift in Sources */ = {isa = PBXBuildFile; fileRef = 24E1C2F11AFA58E300FB689B /* Range.swift */; };
		24E1C33A1AFA58E300FB689B /* Range.swift in Sources */ = {isa = PBXBuildFile; fileRef = 24E1C2F11AFA58E300FB689B /* Range.swift */; };
		24E1C33B1AFA58E300FB689B /* Range.swift in Sources */ = {isa = PBXBuildFile; fileRef = 24E1C2F11AFA58E300FB689B /* Range.swift */; };
		24E1C33C1AFA58E300FB689B /* String.swift in Sources */ = {isa = PBXBuildFile; fileRef = 24E1C2F21AFA58E300FB689B /* String.swift */; };
		24E1C33D1AFA58E300FB689B /* String.swift in Sources */ = {isa = PBXBuildFile; fileRef = 24E1C2F21AFA58E300FB689B /* String.swift */; };
		24E1C33E1AFA58E300FB689B /* String.swift in Sources */ = {isa = PBXBuildFile; fileRef = 24E1C2F21AFA58E300FB689B /* String.swift */; };
		24E1C33F1AFA58E300FB689B /* String.swift in Sources */ = {isa = PBXBuildFile; fileRef = 24E1C2F21AFA58E300FB689B /* String.swift */; };
		24E1C3401AFA58E300FB689B /* Synchronized.swift in Sources */ = {isa = PBXBuildFile; fileRef = 24E1C2F31AFA58E300FB689B /* Synchronized.swift */; };
		24E1C3411AFA58E300FB689B /* Synchronized.swift in Sources */ = {isa = PBXBuildFile; fileRef = 24E1C2F31AFA58E300FB689B /* Synchronized.swift */; };
		24E1C3421AFA58E300FB689B /* Synchronized.swift in Sources */ = {isa = PBXBuildFile; fileRef = 24E1C2F31AFA58E300FB689B /* Synchronized.swift */; };
		24E1C3431AFA58E300FB689B /* Synchronized.swift in Sources */ = {isa = PBXBuildFile; fileRef = 24E1C2F31AFA58E300FB689B /* Synchronized.swift */; };
		24E1C3521AFA58F800FB689B /* BasenameSpec.swift in Sources */ = {isa = PBXBuildFile; fileRef = 24E1C3451AFA58F800FB689B /* BasenameSpec.swift */; };
		24E1C3541AFA58F800FB689B /* BasenameSpec.swift in Sources */ = {isa = PBXBuildFile; fileRef = 24E1C3451AFA58F800FB689B /* BasenameSpec.swift */; };
		24E1C3561AFA58F800FB689B /* ConfigurationProviderManagerSpec.swift in Sources */ = {isa = PBXBuildFile; fileRef = 24E1C3461AFA58F800FB689B /* ConfigurationProviderManagerSpec.swift */; };
		24E1C3581AFA58F800FB689B /* ConfigurationProviderManagerSpec.swift in Sources */ = {isa = PBXBuildFile; fileRef = 24E1C3461AFA58F800FB689B /* ConfigurationProviderManagerSpec.swift */; };
		24E1C35A1AFA58F800FB689B /* ConfigurationSpec.swift in Sources */ = {isa = PBXBuildFile; fileRef = 24E1C3471AFA58F800FB689B /* ConfigurationSpec.swift */; };
		24E1C35C1AFA58F800FB689B /* ConfigurationSpec.swift in Sources */ = {isa = PBXBuildFile; fileRef = 24E1C3471AFA58F800FB689B /* ConfigurationSpec.swift */; };
		24E1C35E1AFA58F800FB689B /* ConsoleMessageWriterSpec.swift in Sources */ = {isa = PBXBuildFile; fileRef = 24E1C3481AFA58F800FB689B /* ConsoleMessageWriterSpec.swift */; };
		24E1C3601AFA58F800FB689B /* ConsoleMessageWriterSpec.swift in Sources */ = {isa = PBXBuildFile; fileRef = 24E1C3481AFA58F800FB689B /* ConsoleMessageWriterSpec.swift */; };
		24E1C3621AFA58F800FB689B /* DefaultMessageFormatterSpec.swift in Sources */ = {isa = PBXBuildFile; fileRef = 24E1C3491AFA58F800FB689B /* DefaultMessageFormatterSpec.swift */; };
		24E1C3641AFA58F800FB689B /* DefaultMessageFormatterSpec.swift in Sources */ = {isa = PBXBuildFile; fileRef = 24E1C3491AFA58F800FB689B /* DefaultMessageFormatterSpec.swift */; };
		24E1C36A1AFA58F800FB689B /* InMemoryDateFormatterPoolSpec.swift in Sources */ = {isa = PBXBuildFile; fileRef = 24E1C34B1AFA58F800FB689B /* InMemoryDateFormatterPoolSpec.swift */; };
		24E1C36C1AFA58F800FB689B /* InMemoryDateFormatterPoolSpec.swift in Sources */ = {isa = PBXBuildFile; fileRef = 24E1C34B1AFA58F800FB689B /* InMemoryDateFormatterPoolSpec.swift */; };
		24E1C36E1AFA58F800FB689B /* LevelSpec.swift in Sources */ = {isa = PBXBuildFile; fileRef = 24E1C34C1AFA58F800FB689B /* LevelSpec.swift */; };
		24E1C3701AFA58F800FB689B /* LevelSpec.swift in Sources */ = {isa = PBXBuildFile; fileRef = 24E1C34C1AFA58F800FB689B /* LevelSpec.swift */; };
		24E1C3721AFA58F800FB689B /* LoggerSpec.swift in Sources */ = {isa = PBXBuildFile; fileRef = 24E1C34D1AFA58F800FB689B /* LoggerSpec.swift */; };
		24E1C3741AFA58F800FB689B /* LoggerSpec.swift in Sources */ = {isa = PBXBuildFile; fileRef = 24E1C34D1AFA58F800FB689B /* LoggerSpec.swift */; };
		24E1C3761AFA58F800FB689B /* MessagePositionSpec.swift in Sources */ = {isa = PBXBuildFile; fileRef = 24E1C34E1AFA58F800FB689B /* MessagePositionSpec.swift */; };
		24E1C3781AFA58F800FB689B /* MessagePositionSpec.swift in Sources */ = {isa = PBXBuildFile; fileRef = 24E1C34E1AFA58F800FB689B /* MessagePositionSpec.swift */; };
		24E1C37A1AFA58F800FB689B /* MessageWriterManagerSpec.swift in Sources */ = {isa = PBXBuildFile; fileRef = 24E1C34F1AFA58F800FB689B /* MessageWriterManagerSpec.swift */; };
		24E1C37C1AFA58F800FB689B /* MessageWriterManagerSpec.swift in Sources */ = {isa = PBXBuildFile; fileRef = 24E1C34F1AFA58F800FB689B /* MessageWriterManagerSpec.swift */; };
		24E1C37E1AFA58F800FB689B /* PlistConfigurationProviderSpec.swift in Sources */ = {isa = PBXBuildFile; fileRef = 24E1C3501AFA58F800FB689B /* PlistConfigurationProviderSpec.swift */; };
		24E1C3801AFA58F800FB689B /* PlistConfigurationProviderSpec.swift in Sources */ = {isa = PBXBuildFile; fileRef = 24E1C3501AFA58F800FB689B /* PlistConfigurationProviderSpec.swift */; };
		24E1C3941AFA59A600FB689B /* Nimble.framework in Frameworks */ = {isa = PBXBuildFile; fileRef = 24E1C3921AFA59A600FB689B /* Nimble.framework */; };
		24E1C3951AFA59A600FB689B /* Quick.framework in Frameworks */ = {isa = PBXBuildFile; fileRef = 24E1C3931AFA59A600FB689B /* Quick.framework */; };
		24E1C3981AFA59C900FB689B /* Nimble.framework in Frameworks */ = {isa = PBXBuildFile; fileRef = 24E1C3961AFA59C900FB689B /* Nimble.framework */; };
		24E1C3991AFA59CA00FB689B /* Quick.framework in Frameworks */ = {isa = PBXBuildFile; fileRef = 24E1C3971AFA59C900FB689B /* Quick.framework */; };
		24E1C39A1AFA5A5B00FB689B /* FormatSet.plist in Resources */ = {isa = PBXBuildFile; fileRef = 24E1C3821AFA591C00FB689B /* FormatSet.plist */; };
		24E1C39B1AFA5A5B00FB689B /* Levels.plist in Resources */ = {isa = PBXBuildFile; fileRef = 24E1C3831AFA591C00FB689B /* Levels.plist */; };
		24E1C39C1AFA5A5B00FB689B /* LevelSet.plist in Resources */ = {isa = PBXBuildFile; fileRef = 24E1C3841AFA591C00FB689B /* LevelSet.plist */; };
		24E1C39D1AFA5A5B00FB689B /* Named.plist in Resources */ = {isa = PBXBuildFile; fileRef = 24E1C3851AFA591C00FB689B /* Named.plist */; };
		24E1C39E1AFA5A5B00FB689B /* RootOnly.plist in Resources */ = {isa = PBXBuildFile; fileRef = 24E1C3861AFA591C00FB689B /* RootOnly.plist */; };
		24E1C39F1AFA5A5C00FB689B /* FormatSet.plist in Resources */ = {isa = PBXBuildFile; fileRef = 24E1C3821AFA591C00FB689B /* FormatSet.plist */; };
		24E1C3A01AFA5A5C00FB689B /* Levels.plist in Resources */ = {isa = PBXBuildFile; fileRef = 24E1C3831AFA591C00FB689B /* Levels.plist */; };
		24E1C3A11AFA5A5C00FB689B /* LevelSet.plist in Resources */ = {isa = PBXBuildFile; fileRef = 24E1C3841AFA591C00FB689B /* LevelSet.plist */; };
		24E1C3A21AFA5A5C00FB689B /* Named.plist in Resources */ = {isa = PBXBuildFile; fileRef = 24E1C3851AFA591C00FB689B /* Named.plist */; };
		24E1C3A31AFA5A5C00FB689B /* RootOnly.plist in Resources */ = {isa = PBXBuildFile; fileRef = 24E1C3861AFA591C00FB689B /* RootOnly.plist */; };
/* End PBXBuildFile section */

/* Begin PBXContainerItemProxy section */
		2484921C1AF6B386000151A2 /* PBXContainerItemProxy */ = {
			isa = PBXContainerItemProxy;
			containerPortal = 248492061AF6B386000151A2 /* Project object */;
			proxyType = 1;
			remoteGlobalIDString = 2484920E1AF6B386000151A2;
			remoteInfo = LoggerLogger;
		};
		2484923C1AF6BA83000151A2 /* PBXContainerItemProxy */ = {
			isa = PBXContainerItemProxy;
			containerPortal = 248492061AF6B386000151A2 /* Project object */;
			proxyType = 1;
			remoteGlobalIDString = 2484922F1AF6BA83000151A2;
			remoteInfo = LoggerLogger;
		};
/* End PBXContainerItemProxy section */

/* Begin PBXCopyFilesBuildPhase section */
		249DA0591B0F5C6800387A97 /* CopyFiles */ = {
			isa = PBXCopyFilesBuildPhase;
			buildActionMask = 2147483647;
			dstPath = "";
			dstSubfolderSpec = 10;
			files = (
				249DA05C1B0F5C7B00387A97 /* Nimble.framework in CopyFiles */,
				249DA05D1B0F5C7B00387A97 /* Quick.framework in CopyFiles */,
			);
			runOnlyForDeploymentPostprocessing = 0;
		};
		249DA05E1B0F5C9000387A97 /* CopyFiles */ = {
			isa = PBXCopyFilesBuildPhase;
			buildActionMask = 2147483647;
			dstPath = "";
			dstSubfolderSpec = 10;
			files = (
				249DA05F1B0F5C9B00387A97 /* Nimble.framework in CopyFiles */,
				249DA0601B0F5C9B00387A97 /* Quick.framework in CopyFiles */,
			);
			runOnlyForDeploymentPostprocessing = 0;
		};
/* End PBXCopyFilesBuildPhase section */

/* Begin PBXFileReference section */
		2484920F1AF6B386000151A2 /* LoggerLogger.framework */ = {isa = PBXFileReference; explicitFileType = wrapper.framework; includeInIndex = 0; path = LoggerLogger.framework; sourceTree = BUILT_PRODUCTS_DIR; };
		2484921A1AF6B386000151A2 /* LoggerLoggerSpecs-iOS.xctest */ = {isa = PBXFileReference; explicitFileType = wrapper.cfbundle; includeInIndex = 0; path = "LoggerLoggerSpecs-iOS.xctest"; sourceTree = BUILT_PRODUCTS_DIR; };
		248492301AF6BA83000151A2 /* LoggerLogger.framework */ = {isa = PBXFileReference; explicitFileType = wrapper.framework; includeInIndex = 0; path = LoggerLogger.framework; sourceTree = BUILT_PRODUCTS_DIR; };
		2484923A1AF6BA83000151A2 /* LoggerLoggerSpecs-Mac.xctest */ = {isa = PBXFileReference; explicitFileType = wrapper.cfbundle; includeInIndex = 0; path = "LoggerLoggerSpecs-Mac.xctest"; sourceTree = BUILT_PRODUCTS_DIR; };
		24E1C2E01AFA58E300FB689B /* Basename.swift */ = {isa = PBXFileReference; fileEncoding = 4; lastKnownFileType = sourcecode.swift; path = Basename.swift; sourceTree = "<group>"; };
		24E1C2E11AFA58E300FB689B /* Configuration.swift */ = {isa = PBXFileReference; fileEncoding = 4; lastKnownFileType = sourcecode.swift; path = Configuration.swift; sourceTree = "<group>"; };
		24E1C2E21AFA58E300FB689B /* ConfigurationProvider.swift */ = {isa = PBXFileReference; fileEncoding = 4; lastKnownFileType = sourcecode.swift; path = ConfigurationProvider.swift; sourceTree = "<group>"; };
		24E1C2E31AFA58E300FB689B /* ConfigurationProviderManager.swift */ = {isa = PBXFileReference; fileEncoding = 4; lastKnownFileType = sourcecode.swift; path = ConfigurationProviderManager.swift; sourceTree = "<group>"; };
		24E1C2E41AFA58E300FB689B /* ConsoleMessageWriter.swift */ = {isa = PBXFileReference; fileEncoding = 4; lastKnownFileType = sourcecode.swift; path = ConsoleMessageWriter.swift; sourceTree = "<group>"; };
		24E1C2E51AFA58E300FB689B /* DateFormatterPool.swift */ = {isa = PBXFileReference; fileEncoding = 4; lastKnownFileType = sourcecode.swift; path = DateFormatterPool.swift; sourceTree = "<group>"; };
		24E1C2E61AFA58E300FB689B /* DefaultMessageFormatter.swift */ = {isa = PBXFileReference; fileEncoding = 4; lastKnownFileType = sourcecode.swift; path = DefaultMessageFormatter.swift; sourceTree = "<group>"; };
		24E1C2E71AFA58E300FB689B /* Info.plist */ = {isa = PBXFileReference; fileEncoding = 4; lastKnownFileType = text.plist.xml; path = Info.plist; sourceTree = "<group>"; };
		24E1C2E81AFA58E300FB689B /* InMemoryDateFormatterPool.swift */ = {isa = PBXFileReference; fileEncoding = 4; lastKnownFileType = sourcecode.swift; path = InMemoryDateFormatterPool.swift; sourceTree = "<group>"; };
		24E1C2E91AFA58E300FB689B /* Level.swift */ = {isa = PBXFileReference; fileEncoding = 4; lastKnownFileType = sourcecode.swift; path = Level.swift; sourceTree = "<group>"; };
		24E1C2EA1AFA58E300FB689B /* Logger.swift */ = {isa = PBXFileReference; fileEncoding = 4; lastKnownFileType = sourcecode.swift; path = Logger.swift; sourceTree = "<group>"; };
		24E1C2EB1AFA58E300FB689B /* MessageFormatter.swift */ = {isa = PBXFileReference; fileEncoding = 4; lastKnownFileType = sourcecode.swift; path = MessageFormatter.swift; sourceTree = "<group>"; };
		24E1C2EC1AFA58E300FB689B /* MessagePosition.swift */ = {isa = PBXFileReference; fileEncoding = 4; lastKnownFileType = sourcecode.swift; path = MessagePosition.swift; sourceTree = "<group>"; };
		24E1C2ED1AFA58E300FB689B /* MessageProvider.swift */ = {isa = PBXFileReference; fileEncoding = 4; lastKnownFileType = sourcecode.swift; path = MessageProvider.swift; sourceTree = "<group>"; };
		24E1C2EE1AFA58E300FB689B /* MessageWriter.swift */ = {isa = PBXFileReference; fileEncoding = 4; lastKnownFileType = sourcecode.swift; path = MessageWriter.swift; sourceTree = "<group>"; };
		24E1C2EF1AFA58E300FB689B /* MessageWriterManager.swift */ = {isa = PBXFileReference; fileEncoding = 4; lastKnownFileType = sourcecode.swift; path = MessageWriterManager.swift; sourceTree = "<group>"; };
		24E1C2F01AFA58E300FB689B /* PlistConfigurationProvider.swift */ = {isa = PBXFileReference; fileEncoding = 4; lastKnownFileType = sourcecode.swift; path = PlistConfigurationProvider.swift; sourceTree = "<group>"; };
		24E1C2F11AFA58E300FB689B /* Range.swift */ = {isa = PBXFileReference; fileEncoding = 4; lastKnownFileType = sourcecode.swift; path = Range.swift; sourceTree = "<group>"; };
		24E1C2F21AFA58E300FB689B /* String.swift */ = {isa = PBXFileReference; fileEncoding = 4; lastKnownFileType = sourcecode.swift; path = String.swift; sourceTree = "<group>"; };
		24E1C2F31AFA58E300FB689B /* Synchronized.swift */ = {isa = PBXFileReference; fileEncoding = 4; lastKnownFileType = sourcecode.swift; path = Synchronized.swift; sourceTree = "<group>"; };
		24E1C3451AFA58F800FB689B /* BasenameSpec.swift */ = {isa = PBXFileReference; fileEncoding = 4; lastKnownFileType = sourcecode.swift; path = BasenameSpec.swift; sourceTree = "<group>"; };
		24E1C3461AFA58F800FB689B /* ConfigurationProviderManagerSpec.swift */ = {isa = PBXFileReference; fileEncoding = 4; lastKnownFileType = sourcecode.swift; path = ConfigurationProviderManagerSpec.swift; sourceTree = "<group>"; };
		24E1C3471AFA58F800FB689B /* ConfigurationSpec.swift */ = {isa = PBXFileReference; fileEncoding = 4; lastKnownFileType = sourcecode.swift; path = ConfigurationSpec.swift; sourceTree = "<group>"; };
		24E1C3481AFA58F800FB689B /* ConsoleMessageWriterSpec.swift */ = {isa = PBXFileReference; fileEncoding = 4; lastKnownFileType = sourcecode.swift; path = ConsoleMessageWriterSpec.swift; sourceTree = "<group>"; };
		24E1C3491AFA58F800FB689B /* DefaultMessageFormatterSpec.swift */ = {isa = PBXFileReference; fileEncoding = 4; lastKnownFileType = sourcecode.swift; path = DefaultMessageFormatterSpec.swift; sourceTree = "<group>"; };
		24E1C34A1AFA58F800FB689B /* Info.plist */ = {isa = PBXFileReference; fileEncoding = 4; lastKnownFileType = text.plist.xml; path = Info.plist; sourceTree = "<group>"; };
		24E1C34B1AFA58F800FB689B /* InMemoryDateFormatterPoolSpec.swift */ = {isa = PBXFileReference; fileEncoding = 4; lastKnownFileType = sourcecode.swift; path = InMemoryDateFormatterPoolSpec.swift; sourceTree = "<group>"; };
		24E1C34C1AFA58F800FB689B /* LevelSpec.swift */ = {isa = PBXFileReference; fileEncoding = 4; lastKnownFileType = sourcecode.swift; path = LevelSpec.swift; sourceTree = "<group>"; };
		24E1C34D1AFA58F800FB689B /* LoggerSpec.swift */ = {isa = PBXFileReference; fileEncoding = 4; lastKnownFileType = sourcecode.swift; path = LoggerSpec.swift; sourceTree = "<group>"; };
		24E1C34E1AFA58F800FB689B /* MessagePositionSpec.swift */ = {isa = PBXFileReference; fileEncoding = 4; lastKnownFileType = sourcecode.swift; path = MessagePositionSpec.swift; sourceTree = "<group>"; };
		24E1C34F1AFA58F800FB689B /* MessageWriterManagerSpec.swift */ = {isa = PBXFileReference; fileEncoding = 4; lastKnownFileType = sourcecode.swift; path = MessageWriterManagerSpec.swift; sourceTree = "<group>"; };
		24E1C3501AFA58F800FB689B /* PlistConfigurationProviderSpec.swift */ = {isa = PBXFileReference; fileEncoding = 4; lastKnownFileType = sourcecode.swift; path = PlistConfigurationProviderSpec.swift; sourceTree = "<group>"; };
		24E1C3821AFA591C00FB689B /* FormatSet.plist */ = {isa = PBXFileReference; fileEncoding = 4; lastKnownFileType = text.plist.xml; path = FormatSet.plist; sourceTree = "<group>"; };
		24E1C3831AFA591C00FB689B /* Levels.plist */ = {isa = PBXFileReference; fileEncoding = 4; lastKnownFileType = text.plist.xml; path = Levels.plist; sourceTree = "<group>"; };
		24E1C3841AFA591C00FB689B /* LevelSet.plist */ = {isa = PBXFileReference; fileEncoding = 4; lastKnownFileType = text.plist.xml; path = LevelSet.plist; sourceTree = "<group>"; };
		24E1C3851AFA591C00FB689B /* Named.plist */ = {isa = PBXFileReference; fileEncoding = 4; lastKnownFileType = text.plist.xml; path = Named.plist; sourceTree = "<group>"; };
		24E1C3861AFA591C00FB689B /* RootOnly.plist */ = {isa = PBXFileReference; fileEncoding = 4; lastKnownFileType = text.plist.xml; path = RootOnly.plist; sourceTree = "<group>"; };
		24E1C3921AFA59A600FB689B /* Nimble.framework */ = {isa = PBXFileReference; lastKnownFileType = wrapper.framework; name = Nimble.framework; path = Carthage/Build/iOS/Nimble.framework; sourceTree = "<group>"; };
		24E1C3931AFA59A600FB689B /* Quick.framework */ = {isa = PBXFileReference; lastKnownFileType = wrapper.framework; name = Quick.framework; path = Carthage/Build/iOS/Quick.framework; sourceTree = "<group>"; };
		24E1C3961AFA59C900FB689B /* Nimble.framework */ = {isa = PBXFileReference; lastKnownFileType = wrapper.framework; name = Nimble.framework; path = Carthage/Build/Mac/Nimble.framework; sourceTree = "<group>"; };
		24E1C3971AFA59C900FB689B /* Quick.framework */ = {isa = PBXFileReference; lastKnownFileType = wrapper.framework; name = Quick.framework; path = Carthage/Build/Mac/Quick.framework; sourceTree = "<group>"; };
/* End PBXFileReference section */

/* Begin PBXFrameworksBuildPhase section */
		2484920B1AF6B386000151A2 /* Frameworks */ = {
			isa = PBXFrameworksBuildPhase;
			buildActionMask = 2147483647;
			files = (
			);
			runOnlyForDeploymentPostprocessing = 0;
		};
		248492171AF6B386000151A2 /* Frameworks */ = {
			isa = PBXFrameworksBuildPhase;
			buildActionMask = 2147483647;
			files = (
				2484921B1AF6B386000151A2 /* LoggerLogger.framework in Frameworks */,
				24E1C3941AFA59A600FB689B /* Nimble.framework in Frameworks */,
				24E1C3951AFA59A600FB689B /* Quick.framework in Frameworks */,
			);
			runOnlyForDeploymentPostprocessing = 0;
		};
		2484922C1AF6BA83000151A2 /* Frameworks */ = {
			isa = PBXFrameworksBuildPhase;
			buildActionMask = 2147483647;
			files = (
			);
			runOnlyForDeploymentPostprocessing = 0;
		};
		248492371AF6BA83000151A2 /* Frameworks */ = {
			isa = PBXFrameworksBuildPhase;
			buildActionMask = 2147483647;
			files = (
				2484923B1AF6BA83000151A2 /* LoggerLogger.framework in Frameworks */,
				24E1C3981AFA59C900FB689B /* Nimble.framework in Frameworks */,
				24E1C3991AFA59CA00FB689B /* Quick.framework in Frameworks */,
			);
			runOnlyForDeploymentPostprocessing = 0;
		};
/* End PBXFrameworksBuildPhase section */

/* Begin PBXGroup section */
		248492051AF6B386000151A2 = {
			isa = PBXGroup;
			children = (
				24E1C2DF1AFA58E300FB689B /* Sources */,
				24E1C3441AFA58F800FB689B /* Specs */,
				24E1C3811AFA591C00FB689B /* Fixtures */,
				24E1C3911AFA592700FB689B /* Frameworks */,
				248492101AF6B386000151A2 /* Products */,
			);
			sourceTree = "<group>";
		};
		248492101AF6B386000151A2 /* Products */ = {
			isa = PBXGroup;
			children = (
				2484920F1AF6B386000151A2 /* LoggerLogger.framework */,
				2484921A1AF6B386000151A2 /* LoggerLoggerSpecs-iOS.xctest */,
				248492301AF6BA83000151A2 /* LoggerLogger.framework */,
				2484923A1AF6BA83000151A2 /* LoggerLoggerSpecs-Mac.xctest */,
			);
			name = Products;
			sourceTree = "<group>";
		};
		24E1C2DF1AFA58E300FB689B /* Sources */ = {
			isa = PBXGroup;
			children = (
				24E1C2E01AFA58E300FB689B /* Basename.swift */,
				24E1C2E11AFA58E300FB689B /* Configuration.swift */,
				24E1C2E21AFA58E300FB689B /* ConfigurationProvider.swift */,
				24E1C2E31AFA58E300FB689B /* ConfigurationProviderManager.swift */,
				24E1C2E41AFA58E300FB689B /* ConsoleMessageWriter.swift */,
				24E1C2E51AFA58E300FB689B /* DateFormatterPool.swift */,
				24E1C2E61AFA58E300FB689B /* DefaultMessageFormatter.swift */,
				24E1C2E71AFA58E300FB689B /* Info.plist */,
				24E1C2E81AFA58E300FB689B /* InMemoryDateFormatterPool.swift */,
				24E1C2E91AFA58E300FB689B /* Level.swift */,
				24E1C2EA1AFA58E300FB689B /* Logger.swift */,
				24E1C2EB1AFA58E300FB689B /* MessageFormatter.swift */,
				24E1C2EC1AFA58E300FB689B /* MessagePosition.swift */,
				24E1C2ED1AFA58E300FB689B /* MessageProvider.swift */,
				24E1C2EE1AFA58E300FB689B /* MessageWriter.swift */,
				24E1C2EF1AFA58E300FB689B /* MessageWriterManager.swift */,
				24E1C2F01AFA58E300FB689B /* PlistConfigurationProvider.swift */,
				24E1C2F11AFA58E300FB689B /* Range.swift */,
				24E1C2F21AFA58E300FB689B /* String.swift */,
				24E1C2F31AFA58E300FB689B /* Synchronized.swift */,
			);
			path = Sources;
			sourceTree = "<group>";
		};
		24E1C3441AFA58F800FB689B /* Specs */ = {
			isa = PBXGroup;
			children = (
				24E1C3451AFA58F800FB689B /* BasenameSpec.swift */,
				24E1C3461AFA58F800FB689B /* ConfigurationProviderManagerSpec.swift */,
				24E1C3471AFA58F800FB689B /* ConfigurationSpec.swift */,
				24E1C3481AFA58F800FB689B /* ConsoleMessageWriterSpec.swift */,
				24E1C3491AFA58F800FB689B /* DefaultMessageFormatterSpec.swift */,
				24E1C34A1AFA58F800FB689B /* Info.plist */,
				24E1C34B1AFA58F800FB689B /* InMemoryDateFormatterPoolSpec.swift */,
				24E1C34C1AFA58F800FB689B /* LevelSpec.swift */,
				24E1C34D1AFA58F800FB689B /* LoggerSpec.swift */,
				24E1C34E1AFA58F800FB689B /* MessagePositionSpec.swift */,
				24E1C34F1AFA58F800FB689B /* MessageWriterManagerSpec.swift */,
				24E1C3501AFA58F800FB689B /* PlistConfigurationProviderSpec.swift */,
			);
			path = Specs;
			sourceTree = "<group>";
		};
		24E1C3811AFA591C00FB689B /* Fixtures */ = {
			isa = PBXGroup;
			children = (
				24E1C3821AFA591C00FB689B /* FormatSet.plist */,
				24E1C3831AFA591C00FB689B /* Levels.plist */,
				24E1C3841AFA591C00FB689B /* LevelSet.plist */,
				24E1C3851AFA591C00FB689B /* Named.plist */,
				24E1C3861AFA591C00FB689B /* RootOnly.plist */,
			);
			path = Fixtures;
			sourceTree = "<group>";
		};
		24E1C3911AFA592700FB689B /* Frameworks */ = {
			isa = PBXGroup;
			children = (
				24E1C3921AFA59A600FB689B /* Nimble.framework */,
				24E1C3931AFA59A600FB689B /* Quick.framework */,
				24E1C3961AFA59C900FB689B /* Nimble.framework */,
				24E1C3971AFA59C900FB689B /* Quick.framework */,
			);
			name = Frameworks;
			sourceTree = "<group>";
		};
/* End PBXGroup section */

/* Begin PBXHeadersBuildPhase section */
		2484920C1AF6B386000151A2 /* Headers */ = {
			isa = PBXHeadersBuildPhase;
			buildActionMask = 2147483647;
			files = (
			);
			runOnlyForDeploymentPostprocessing = 0;
		};
		2484922D1AF6BA83000151A2 /* Headers */ = {
			isa = PBXHeadersBuildPhase;
			buildActionMask = 2147483647;
			files = (
			);
			runOnlyForDeploymentPostprocessing = 0;
		};
/* End PBXHeadersBuildPhase section */

/* Begin PBXNativeTarget section */
		2484920E1AF6B386000151A2 /* LoggerLogger-iOS */ = {
			isa = PBXNativeTarget;
			buildConfigurationList = 248492251AF6B386000151A2 /* Build configuration list for PBXNativeTarget "LoggerLogger-iOS" */;
			buildPhases = (
				2484920A1AF6B386000151A2 /* Sources */,
				2484920B1AF6B386000151A2 /* Frameworks */,
				2484920C1AF6B386000151A2 /* Headers */,
				2484920D1AF6B386000151A2 /* Resources */,
			);
			buildRules = (
			);
			dependencies = (
			);
			name = "LoggerLogger-iOS";
			productName = LoggerLogger;
			productReference = 2484920F1AF6B386000151A2 /* LoggerLogger.framework */;
			productType = "com.apple.product-type.framework";
		};
		248492191AF6B386000151A2 /* LoggerLoggerSpecs-iOS */ = {
			isa = PBXNativeTarget;
			buildConfigurationList = 248492281AF6B386000151A2 /* Build configuration list for PBXNativeTarget "LoggerLoggerSpecs-iOS" */;
			buildPhases = (
				248492161AF6B386000151A2 /* Sources */,
				248492171AF6B386000151A2 /* Frameworks */,
				248492181AF6B386000151A2 /* Resources */,
				249DA05E1B0F5C9000387A97 /* CopyFiles */,
			);
			buildRules = (
			);
			dependencies = (
				2484921D1AF6B386000151A2 /* PBXTargetDependency */,
			);
			name = "LoggerLoggerSpecs-iOS";
			productName = LoggerLoggerTests;
			productReference = 2484921A1AF6B386000151A2 /* LoggerLoggerSpecs-iOS.xctest */;
			productType = "com.apple.product-type.bundle.unit-test";
		};
		2484922F1AF6BA83000151A2 /* LoggerLogger-Mac */ = {
			isa = PBXNativeTarget;
			buildConfigurationList = 248492431AF6BA83000151A2 /* Build configuration list for PBXNativeTarget "LoggerLogger-Mac" */;
			buildPhases = (
				2484922B1AF6BA83000151A2 /* Sources */,
				2484922C1AF6BA83000151A2 /* Frameworks */,
				2484922D1AF6BA83000151A2 /* Headers */,
				2484922E1AF6BA83000151A2 /* Resources */,
			);
			buildRules = (
			);
			dependencies = (
			);
			name = "LoggerLogger-Mac";
			productName = LoggerLogger;
			productReference = 248492301AF6BA83000151A2 /* LoggerLogger.framework */;
			productType = "com.apple.product-type.framework";
		};
		248492391AF6BA83000151A2 /* LoggerLoggerSpecs-Mac */ = {
			isa = PBXNativeTarget;
			buildConfigurationList = 248492461AF6BA83000151A2 /* Build configuration list for PBXNativeTarget "LoggerLoggerSpecs-Mac" */;
			buildPhases = (
				248492361AF6BA83000151A2 /* Sources */,
				248492371AF6BA83000151A2 /* Frameworks */,
				248492381AF6BA83000151A2 /* Resources */,
				249DA0591B0F5C6800387A97 /* CopyFiles */,
			);
			buildRules = (
			);
			dependencies = (
				2484923D1AF6BA83000151A2 /* PBXTargetDependency */,
			);
			name = "LoggerLoggerSpecs-Mac";
			productName = LoggerLoggerTests;
			productReference = 2484923A1AF6BA83000151A2 /* LoggerLoggerSpecs-Mac.xctest */;
			productType = "com.apple.product-type.bundle.unit-test";
		};
/* End PBXNativeTarget section */

/* Begin PBXProject section */
		248492061AF6B386000151A2 /* Project object */ = {
			isa = PBXProject;
			attributes = {
				LastUpgradeCheck = 0630;
				ORGANIZATIONNAME = "Ben Hale";
				TargetAttributes = {
					2484920E1AF6B386000151A2 = {
						CreatedOnToolsVersion = 6.3.1;
					};
					248492191AF6B386000151A2 = {
						CreatedOnToolsVersion = 6.3.1;
					};
					2484922F1AF6BA83000151A2 = {
						CreatedOnToolsVersion = 6.3.1;
					};
					248492391AF6BA83000151A2 = {
						CreatedOnToolsVersion = 6.3.1;
					};
				};
			};
			buildConfigurationList = 248492091AF6B386000151A2 /* Build configuration list for PBXProject "LoggerLogger" */;
			compatibilityVersion = "Xcode 3.2";
			developmentRegion = English;
			hasScannedForEncodings = 0;
			knownRegions = (
				en,
			);
			mainGroup = 248492051AF6B386000151A2;
			productRefGroup = 248492101AF6B386000151A2 /* Products */;
			projectDirPath = "";
			projectRoot = "";
			targets = (
				2484920E1AF6B386000151A2 /* LoggerLogger-iOS */,
				248492191AF6B386000151A2 /* LoggerLoggerSpecs-iOS */,
				2484922F1AF6BA83000151A2 /* LoggerLogger-Mac */,
				248492391AF6BA83000151A2 /* LoggerLoggerSpecs-Mac */,
			);
		};
/* End PBXProject section */

/* Begin PBXResourcesBuildPhase section */
		2484920D1AF6B386000151A2 /* Resources */ = {
			isa = PBXResourcesBuildPhase;
			buildActionMask = 2147483647;
			files = (
			);
			runOnlyForDeploymentPostprocessing = 0;
		};
		248492181AF6B386000151A2 /* Resources */ = {
			isa = PBXResourcesBuildPhase;
			buildActionMask = 2147483647;
			files = (
				24E1C39F1AFA5A5C00FB689B /* FormatSet.plist in Resources */,
				24E1C3A11AFA5A5C00FB689B /* LevelSet.plist in Resources */,
				24E1C3A21AFA5A5C00FB689B /* Named.plist in Resources */,
				24E1C3A31AFA5A5C00FB689B /* RootOnly.plist in Resources */,
				24E1C3A01AFA5A5C00FB689B /* Levels.plist in Resources */,
			);
			runOnlyForDeploymentPostprocessing = 0;
		};
		2484922E1AF6BA83000151A2 /* Resources */ = {
			isa = PBXResourcesBuildPhase;
			buildActionMask = 2147483647;
			files = (
			);
			runOnlyForDeploymentPostprocessing = 0;
		};
		248492381AF6BA83000151A2 /* Resources */ = {
			isa = PBXResourcesBuildPhase;
			buildActionMask = 2147483647;
			files = (
				24E1C39A1AFA5A5B00FB689B /* FormatSet.plist in Resources */,
				24E1C39C1AFA5A5B00FB689B /* LevelSet.plist in Resources */,
				24E1C39D1AFA5A5B00FB689B /* Named.plist in Resources */,
				24E1C39E1AFA5A5B00FB689B /* RootOnly.plist in Resources */,
				24E1C39B1AFA5A5B00FB689B /* Levels.plist in Resources */,
			);
			runOnlyForDeploymentPostprocessing = 0;
		};
/* End PBXResourcesBuildPhase section */

/* Begin PBXSourcesBuildPhase section */
		2484920A1AF6B386000151A2 /* Sources */ = {
			isa = PBXSourcesBuildPhase;
			buildActionMask = 2147483647;
			files = (
				24E1C3081AFA58E300FB689B /* DateFormatterPool.swift in Sources */,
				24E1C3401AFA58E300FB689B /* Synchronized.swift in Sources */,
				24E1C2F81AFA58E300FB689B /* Configuration.swift in Sources */,
				24E1C3381AFA58E300FB689B /* Range.swift in Sources */,
				24E1C3241AFA58E300FB689B /* MessagePosition.swift in Sources */,
				24E1C2F41AFA58E300FB689B /* Basename.swift in Sources */,
				24E1C3341AFA58E300FB689B /* PlistConfigurationProvider.swift in Sources */,
				24E1C3181AFA58E300FB689B /* Level.swift in Sources */,
				24E1C3041AFA58E300FB689B /* ConsoleMessageWriter.swift in Sources */,
				24E1C3301AFA58E300FB689B /* MessageWriterManager.swift in Sources */,
				24E1C31C1AFA58E300FB689B /* Logger.swift in Sources */,
				24E1C30C1AFA58E300FB689B /* DefaultMessageFormatter.swift in Sources */,
				24E1C3201AFA58E300FB689B /* MessageFormatter.swift in Sources */,
				24E1C33C1AFA58E300FB689B /* String.swift in Sources */,
				24E1C2FC1AFA58E300FB689B /* ConfigurationProvider.swift in Sources */,
				24E1C32C1AFA58E300FB689B /* MessageWriter.swift in Sources */,
				24E1C3141AFA58E300FB689B /* InMemoryDateFormatterPool.swift in Sources */,
				24E1C3281AFA58E300FB689B /* MessageProvider.swift in Sources */,
				24E1C3001AFA58E300FB689B /* ConfigurationProviderManager.swift in Sources */,
			);
			runOnlyForDeploymentPostprocessing = 0;
		};
		248492161AF6B386000151A2 /* Sources */ = {
			isa = PBXSourcesBuildPhase;
			buildActionMask = 2147483647;
			files = (
				24E1C3091AFA58E300FB689B /* DateFormatterPool.swift in Sources */,
				24E1C3411AFA58E300FB689B /* Synchronized.swift in Sources */,
				24E1C37A1AFA58F800FB689B /* MessageWriterManagerSpec.swift in Sources */,
				24E1C2F91AFA58E300FB689B /* Configuration.swift in Sources */,
				24E1C3391AFA58E300FB689B /* Range.swift in Sources */,
				24E1C3521AFA58F800FB689B /* BasenameSpec.swift in Sources */,
				24E1C36E1AFA58F800FB689B /* LevelSpec.swift in Sources */,
				24E1C3251AFA58E300FB689B /* MessagePosition.swift in Sources */,
				24E1C2F51AFA58E300FB689B /* Basename.swift in Sources */,
				24E1C3351AFA58E300FB689B /* PlistConfigurationProvider.swift in Sources */,
				24E1C3191AFA58E300FB689B /* Level.swift in Sources */,
				24E1C3051AFA58E300FB689B /* ConsoleMessageWriter.swift in Sources */,
				24E1C3311AFA58E300FB689B /* MessageWriterManager.swift in Sources */,
				24E1C31D1AFA58E300FB689B /* Logger.swift in Sources */,
				24E1C30D1AFA58E300FB689B /* DefaultMessageFormatter.swift in Sources */,
				24E1C36A1AFA58F800FB689B /* InMemoryDateFormatterPoolSpec.swift in Sources */,
				24E1C3211AFA58E300FB689B /* MessageFormatter.swift in Sources */,
				24E1C33D1AFA58E300FB689B /* String.swift in Sources */,
				24E1C3621AFA58F800FB689B /* DefaultMessageFormatterSpec.swift in Sources */,
				24E1C37E1AFA58F800FB689B /* PlistConfigurationProviderSpec.swift in Sources */,
				24E1C2FD1AFA58E300FB689B /* ConfigurationProvider.swift in Sources */,
				24E1C32D1AFA58E300FB689B /* MessageWriter.swift in Sources */,
				24E1C35A1AFA58F800FB689B /* ConfigurationSpec.swift in Sources */,
				24E1C3561AFA58F800FB689B /* ConfigurationProviderManagerSpec.swift in Sources */,
				24E1C3151AFA58E300FB689B /* InMemoryDateFormatterPool.swift in Sources */,
				24E1C3291AFA58E300FB689B /* MessageProvider.swift in Sources */,
				24E1C35E1AFA58F800FB689B /* ConsoleMessageWriterSpec.swift in Sources */,
				24E1C3761AFA58F800FB689B /* MessagePositionSpec.swift in Sources */,
				24E1C3011AFA58E300FB689B /* ConfigurationProviderManager.swift in Sources */,
				24E1C3721AFA58F800FB689B /* LoggerSpec.swift in Sources */,
			);
			runOnlyForDeploymentPostprocessing = 0;
		};
		2484922B1AF6BA83000151A2 /* Sources */ = {
			isa = PBXSourcesBuildPhase;
			buildActionMask = 2147483647;
			files = (
				24E1C30A1AFA58E300FB689B /* DateFormatterPool.swift in Sources */,
				24E1C3421AFA58E300FB689B /* Synchronized.swift in Sources */,
				24E1C2FA1AFA58E300FB689B /* Configuration.swift in Sources */,
				24E1C33A1AFA58E300FB689B /* Range.swift in Sources */,
				24E1C3261AFA58E300FB689B /* MessagePosition.swift in Sources */,
				24E1C2F61AFA58E300FB689B /* Basename.swift in Sources */,
				24E1C3361AFA58E300FB689B /* PlistConfigurationProvider.swift in Sources */,
				24E1C31A1AFA58E300FB689B /* Level.swift in Sources */,
				24E1C3061AFA58E300FB689B /* ConsoleMessageWriter.swift in Sources */,
				24E1C3321AFA58E300FB689B /* MessageWriterManager.swift in Sources */,
				24E1C31E1AFA58E300FB689B /* Logger.swift in Sources */,
				24E1C30E1AFA58E300FB689B /* DefaultMessageFormatter.swift in Sources */,
				24E1C3221AFA58E300FB689B /* MessageFormatter.swift in Sources */,
				24E1C33E1AFA58E300FB689B /* String.swift in Sources */,
				24E1C2FE1AFA58E300FB689B /* ConfigurationProvider.swift in Sources */,
				24E1C32E1AFA58E300FB689B /* MessageWriter.swift in Sources */,
				24E1C3161AFA58E300FB689B /* InMemoryDateFormatterPool.swift in Sources */,
				24E1C32A1AFA58E300FB689B /* MessageProvider.swift in Sources */,
				24E1C3021AFA58E300FB689B /* ConfigurationProviderManager.swift in Sources */,
			);
			runOnlyForDeploymentPostprocessing = 0;
		};
		248492361AF6BA83000151A2 /* Sources */ = {
			isa = PBXSourcesBuildPhase;
			buildActionMask = 2147483647;
			files = (
				24E1C30B1AFA58E300FB689B /* DateFormatterPool.swift in Sources */,
				24E1C3431AFA58E300FB689B /* Synchronized.swift in Sources */,
				24E1C37C1AFA58F800FB689B /* MessageWriterManagerSpec.swift in Sources */,
				24E1C2FB1AFA58E300FB689B /* Configuration.swift in Sources */,
				24E1C33B1AFA58E300FB689B /* Range.swift in Sources */,
				24E1C3541AFA58F800FB689B /* BasenameSpec.swift in Sources */,
				24E1C3701AFA58F800FB689B /* LevelSpec.swift in Sources */,
				24E1C3271AFA58E300FB689B /* MessagePosition.swift in Sources */,
				24E1C2F71AFA58E300FB689B /* Basename.swift in Sources */,
				24E1C3371AFA58E300FB689B /* PlistConfigurationProvider.swift in Sources */,
				24E1C31B1AFA58E300FB689B /* Level.swift in Sources */,
				24E1C3071AFA58E300FB689B /* ConsoleMessageWriter.swift in Sources */,
				24E1C3331AFA58E300FB689B /* MessageWriterManager.swift in Sources */,
				24E1C31F1AFA58E300FB689B /* Logger.swift in Sources */,
				24E1C30F1AFA58E300FB689B /* DefaultMessageFormatter.swift in Sources */,
				24E1C36C1AFA58F800FB689B /* InMemoryDateFormatterPoolSpec.swift in Sources */,
				24E1C3231AFA58E300FB689B /* MessageFormatter.swift in Sources */,
				24E1C33F1AFA58E300FB689B /* String.swift in Sources */,
				24E1C3641AFA58F800FB689B /* DefaultMessageFormatterSpec.swift in Sources */,
				24E1C3801AFA58F800FB689B /* PlistConfigurationProviderSpec.swift in Sources */,
				24E1C2FF1AFA58E300FB689B /* ConfigurationProvider.swift in Sources */,
				24E1C32F1AFA58E300FB689B /* MessageWriter.swift in Sources */,
				24E1C35C1AFA58F800FB689B /* ConfigurationSpec.swift in Sources */,
				24E1C3581AFA58F800FB689B /* ConfigurationProviderManagerSpec.swift in Sources */,
				24E1C3171AFA58E300FB689B /* InMemoryDateFormatterPool.swift in Sources */,
				24E1C32B1AFA58E300FB689B /* MessageProvider.swift in Sources */,
				24E1C3601AFA58F800FB689B /* ConsoleMessageWriterSpec.swift in Sources */,
				24E1C3781AFA58F800FB689B /* MessagePositionSpec.swift in Sources */,
				24E1C3031AFA58E300FB689B /* ConfigurationProviderManager.swift in Sources */,
				24E1C3741AFA58F800FB689B /* LoggerSpec.swift in Sources */,
			);
			runOnlyForDeploymentPostprocessing = 0;
		};
/* End PBXSourcesBuildPhase section */

/* Begin PBXTargetDependency section */
		2484921D1AF6B386000151A2 /* PBXTargetDependency */ = {
			isa = PBXTargetDependency;
			target = 2484920E1AF6B386000151A2 /* LoggerLogger-iOS */;
			targetProxy = 2484921C1AF6B386000151A2 /* PBXContainerItemProxy */;
		};
		2484923D1AF6BA83000151A2 /* PBXTargetDependency */ = {
			isa = PBXTargetDependency;
			target = 2484922F1AF6BA83000151A2 /* LoggerLogger-Mac */;
			targetProxy = 2484923C1AF6BA83000151A2 /* PBXContainerItemProxy */;
		};
/* End PBXTargetDependency section */

/* Begin XCBuildConfiguration section */
		248492231AF6B386000151A2 /* Debug */ = {
			isa = XCBuildConfiguration;
			buildSettings = {
				ALWAYS_SEARCH_USER_PATHS = NO;
				CLANG_CXX_LANGUAGE_STANDARD = "gnu++0x";
				CLANG_CXX_LIBRARY = "libc++";
				CLANG_ENABLE_MODULES = YES;
				CLANG_ENABLE_OBJC_ARC = YES;
				CLANG_WARN_BOOL_CONVERSION = YES;
				CLANG_WARN_CONSTANT_CONVERSION = YES;
				CLANG_WARN_DIRECT_OBJC_ISA_USAGE = YES_ERROR;
				CLANG_WARN_EMPTY_BODY = YES;
				CLANG_WARN_ENUM_CONVERSION = YES;
				CLANG_WARN_INT_CONVERSION = YES;
				CLANG_WARN_OBJC_ROOT_CLASS = YES_ERROR;
				CLANG_WARN_UNREACHABLE_CODE = YES;
				CLANG_WARN__DUPLICATE_METHOD_MATCH = YES;
				"CODE_SIGN_IDENTITY[sdk=iphoneos*]" = "iPhone Developer";
				COPY_PHASE_STRIP = NO;
				CURRENT_PROJECT_VERSION = 1;
				DEBUG_INFORMATION_FORMAT = "dwarf-with-dsym";
				ENABLE_STRICT_OBJC_MSGSEND = YES;
				GCC_C_LANGUAGE_STANDARD = gnu99;
				GCC_DYNAMIC_NO_PIC = NO;
				GCC_NO_COMMON_BLOCKS = YES;
				GCC_OPTIMIZATION_LEVEL = 0;
				GCC_PREPROCESSOR_DEFINITIONS = (
					"DEBUG=1",
					"$(inherited)",
				);
				GCC_SYMBOLS_PRIVATE_EXTERN = NO;
				GCC_WARN_64_TO_32_BIT_CONVERSION = YES;
				GCC_WARN_ABOUT_RETURN_TYPE = YES_ERROR;
				GCC_WARN_UNDECLARED_SELECTOR = YES;
				GCC_WARN_UNINITIALIZED_AUTOS = YES_AGGRESSIVE;
				GCC_WARN_UNUSED_FUNCTION = YES;
				GCC_WARN_UNUSED_VARIABLE = YES;
				IPHONEOS_DEPLOYMENT_TARGET = 8.0;
				MACOSX_DEPLOYMENT_TARGET = 10.10;
				MTL_ENABLE_DEBUG_INFO = YES;
				ONLY_ACTIVE_ARCH = YES;
				SDKROOT = iphoneos;
				SWIFT_OPTIMIZATION_LEVEL = "-Onone";
				TARGETED_DEVICE_FAMILY = "1,2";
				VERSIONING_SYSTEM = "apple-generic";
				VERSION_INFO_PREFIX = "";
			};
			name = Debug;
		};
		248492241AF6B386000151A2 /* Release */ = {
			isa = XCBuildConfiguration;
			buildSettings = {
				ALWAYS_SEARCH_USER_PATHS = NO;
				CLANG_CXX_LANGUAGE_STANDARD = "gnu++0x";
				CLANG_CXX_LIBRARY = "libc++";
				CLANG_ENABLE_MODULES = YES;
				CLANG_ENABLE_OBJC_ARC = YES;
				CLANG_WARN_BOOL_CONVERSION = YES;
				CLANG_WARN_CONSTANT_CONVERSION = YES;
				CLANG_WARN_DIRECT_OBJC_ISA_USAGE = YES_ERROR;
				CLANG_WARN_EMPTY_BODY = YES;
				CLANG_WARN_ENUM_CONVERSION = YES;
				CLANG_WARN_INT_CONVERSION = YES;
				CLANG_WARN_OBJC_ROOT_CLASS = YES_ERROR;
				CLANG_WARN_UNREACHABLE_CODE = YES;
				CLANG_WARN__DUPLICATE_METHOD_MATCH = YES;
				"CODE_SIGN_IDENTITY[sdk=iphoneos*]" = "iPhone Developer";
				COPY_PHASE_STRIP = NO;
				CURRENT_PROJECT_VERSION = 1;
				DEBUG_INFORMATION_FORMAT = "dwarf-with-dsym";
				ENABLE_NS_ASSERTIONS = NO;
				ENABLE_STRICT_OBJC_MSGSEND = YES;
				GCC_C_LANGUAGE_STANDARD = gnu99;
				GCC_NO_COMMON_BLOCKS = YES;
				GCC_WARN_64_TO_32_BIT_CONVERSION = YES;
				GCC_WARN_ABOUT_RETURN_TYPE = YES_ERROR;
				GCC_WARN_UNDECLARED_SELECTOR = YES;
				GCC_WARN_UNINITIALIZED_AUTOS = YES_AGGRESSIVE;
				GCC_WARN_UNUSED_FUNCTION = YES;
				GCC_WARN_UNUSED_VARIABLE = YES;
				IPHONEOS_DEPLOYMENT_TARGET = 8.0;
				MACOSX_DEPLOYMENT_TARGET = 10.10;
				MTL_ENABLE_DEBUG_INFO = NO;
				SDKROOT = iphoneos;
				TARGETED_DEVICE_FAMILY = "1,2";
				VALIDATE_PRODUCT = YES;
				VERSIONING_SYSTEM = "apple-generic";
				VERSION_INFO_PREFIX = "";
			};
			name = Release;
		};
		248492261AF6B386000151A2 /* Debug */ = {
			isa = XCBuildConfiguration;
			buildSettings = {
				CLANG_ENABLE_MODULES = YES;
				DEFINES_MODULE = YES;
				DYLIB_COMPATIBILITY_VERSION = 1;
				DYLIB_CURRENT_VERSION = 1;
				DYLIB_INSTALL_NAME_BASE = "@rpath";
				FRAMEWORK_SEARCH_PATHS = (
					"$(inherited)",
					"$(PROJECT_DIR)/Carthage/Build/iOS",
				);
				INFOPLIST_FILE = Sources/Info.plist;
				INSTALL_PATH = "$(LOCAL_LIBRARY_DIR)/Frameworks";
				LD_RUNPATH_SEARCH_PATHS = "$(inherited) @executable_path/Frameworks @loader_path/Frameworks";
				PRODUCT_NAME = "$(PROJECT_NAME)";
				SKIP_INSTALL = YES;
				SWIFT_OPTIMIZATION_LEVEL = "-Onone";
			};
			name = Debug;
		};
		248492271AF6B386000151A2 /* Release */ = {
			isa = XCBuildConfiguration;
			buildSettings = {
				CLANG_ENABLE_MODULES = YES;
				DEFINES_MODULE = YES;
				DYLIB_COMPATIBILITY_VERSION = 1;
				DYLIB_CURRENT_VERSION = 1;
				DYLIB_INSTALL_NAME_BASE = "@rpath";
				FRAMEWORK_SEARCH_PATHS = (
					"$(inherited)",
					"$(PROJECT_DIR)/Carthage/Build/iOS",
				);
				INFOPLIST_FILE = Sources/Info.plist;
				INSTALL_PATH = "$(LOCAL_LIBRARY_DIR)/Frameworks";
				LD_RUNPATH_SEARCH_PATHS = "$(inherited) @executable_path/Frameworks @loader_path/Frameworks";
				PRODUCT_NAME = "$(PROJECT_NAME)";
				SKIP_INSTALL = YES;
			};
			name = Release;
		};
		248492291AF6B386000151A2 /* Debug */ = {
			isa = XCBuildConfiguration;
			buildSettings = {
				FRAMEWORK_SEARCH_PATHS = (
					"$(SDKROOT)/Developer/Library/Frameworks",
					"$(inherited)",
					"$(PROJECT_DIR)/Carthage/Build/iOS",
				);
				GCC_PREPROCESSOR_DEFINITIONS = (
					"DEBUG=1",
					"$(inherited)",
				);
				INFOPLIST_FILE = Specs/Info.plist;
				LD_RUNPATH_SEARCH_PATHS = "$(inherited) @executable_path/Frameworks @loader_path/Frameworks";
				PRODUCT_NAME = "$(TARGET_NAME)";
			};
			name = Debug;
		};
		2484922A1AF6B386000151A2 /* Release */ = {
			isa = XCBuildConfiguration;
			buildSettings = {
				FRAMEWORK_SEARCH_PATHS = (
					"$(SDKROOT)/Developer/Library/Frameworks",
					"$(inherited)",
					"$(PROJECT_DIR)/Carthage/Build/iOS",
				);
				INFOPLIST_FILE = Specs/Info.plist;
				LD_RUNPATH_SEARCH_PATHS = "$(inherited) @executable_path/Frameworks @loader_path/Frameworks";
				PRODUCT_NAME = "$(TARGET_NAME)";
			};
			name = Release;
		};
		248492441AF6BA83000151A2 /* Debug */ = {
			isa = XCBuildConfiguration;
			buildSettings = {
				COMBINE_HIDPI_IMAGES = YES;
				DEBUG_INFORMATION_FORMAT = dwarf;
				DEFINES_MODULE = YES;
				DYLIB_COMPATIBILITY_VERSION = 1;
				DYLIB_CURRENT_VERSION = 1;
				DYLIB_INSTALL_NAME_BASE = "@rpath";
				FRAMEWORK_SEARCH_PATHS = (
					"$(inherited)",
					"$(PROJECT_DIR)/Carthage/Build/Mac",
				);
				FRAMEWORK_VERSION = A;
				GCC_PREPROCESSOR_DEFINITIONS = (
					"DEBUG=1",
					"$(inherited)",
				);
				INFOPLIST_FILE = Sources/Info.plist;
				INSTALL_PATH = "$(LOCAL_LIBRARY_DIR)/Frameworks";
				LD_RUNPATH_SEARCH_PATHS = "$(inherited) @executable_path/../Frameworks @loader_path/Frameworks";
				PRODUCT_NAME = "$(PROJECT_NAME)";
				SDKROOT = macosx;
				SKIP_INSTALL = YES;
			};
			name = Debug;
		};
		248492451AF6BA83000151A2 /* Release */ = {
			isa = XCBuildConfiguration;
			buildSettings = {
				COMBINE_HIDPI_IMAGES = YES;
				DEFINES_MODULE = YES;
				DYLIB_COMPATIBILITY_VERSION = 1;
				DYLIB_CURRENT_VERSION = 1;
				DYLIB_INSTALL_NAME_BASE = "@rpath";
				FRAMEWORK_SEARCH_PATHS = (
					"$(inherited)",
					"$(PROJECT_DIR)/Carthage/Build/Mac",
				);
				FRAMEWORK_VERSION = A;
				INFOPLIST_FILE = Sources/Info.plist;
				INSTALL_PATH = "$(LOCAL_LIBRARY_DIR)/Frameworks";
				LD_RUNPATH_SEARCH_PATHS = "$(inherited) @executable_path/../Frameworks @loader_path/Frameworks";
				PRODUCT_NAME = "$(PROJECT_NAME)";
				SDKROOT = macosx;
				SKIP_INSTALL = YES;
			};
			name = Release;
		};
		248492471AF6BA83000151A2 /* Debug */ = {
			isa = XCBuildConfiguration;
			buildSettings = {
				COMBINE_HIDPI_IMAGES = YES;
				DEBUG_INFORMATION_FORMAT = dwarf;
				FRAMEWORK_SEARCH_PATHS = (
					"$(DEVELOPER_FRAMEWORKS_DIR)",
					"$(inherited)",
					"$(PROJECT_DIR)/Carthage/Build/Mac",
				);
				GCC_PREPROCESSOR_DEFINITIONS = (
					"DEBUG=1",
					"$(inherited)",
				);
				INFOPLIST_FILE = Specs/Info.plist;
				LD_RUNPATH_SEARCH_PATHS = "$(inherited) @executable_path/../Frameworks @loader_path/../Frameworks";
				MACOSX_DEPLOYMENT_TARGET = 10.10;
				PRODUCT_NAME = "$(TARGET_NAME)";
				SDKROOT = macosx;
			};
			name = Debug;
		};
		248492481AF6BA83000151A2 /* Release */ = {
			isa = XCBuildConfiguration;
			buildSettings = {
				COMBINE_HIDPI_IMAGES = YES;
				FRAMEWORK_SEARCH_PATHS = (
					"$(DEVELOPER_FRAMEWORKS_DIR)",
					"$(inherited)",
					"$(PROJECT_DIR)/Carthage/Build/Mac",
				);
				INFOPLIST_FILE = Specs/Info.plist;
				LD_RUNPATH_SEARCH_PATHS = "$(inherited) @executable_path/../Frameworks @loader_path/../Frameworks";
				MACOSX_DEPLOYMENT_TARGET = 10.10;
				PRODUCT_NAME = "$(TARGET_NAME)";
				SDKROOT = macosx;
			};
			name = Release;
		};
/* End XCBuildConfiguration section */

/* Begin XCConfigurationList section */
		248492091AF6B386000151A2 /* Build configuration list for PBXProject "LoggerLogger" */ = {
			isa = XCConfigurationList;
			buildConfigurations = (
				248492231AF6B386000151A2 /* Debug */,
				248492241AF6B386000151A2 /* Release */,
			);
			defaultConfigurationIsVisible = 0;
			defaultConfigurationName = Release;
		};
		248492251AF6B386000151A2 /* Build configuration list for PBXNativeTarget "LoggerLogger-iOS" */ = {
			isa = XCConfigurationList;
			buildConfigurations = (
				248492261AF6B386000151A2 /* Debug */,
				248492271AF6B386000151A2 /* Release */,
			);
			defaultConfigurationIsVisible = 0;
			defaultConfigurationName = Release;
		};
		248492281AF6B386000151A2 /* Build configuration list for PBXNativeTarget "LoggerLoggerSpecs-iOS" */ = {
			isa = XCConfigurationList;
			buildConfigurations = (
				248492291AF6B386000151A2 /* Debug */,
				2484922A1AF6B386000151A2 /* Release */,
			);
			defaultConfigurationIsVisible = 0;
			defaultConfigurationName = Release;
		};
		248492431AF6BA83000151A2 /* Build configuration list for PBXNativeTarget "LoggerLogger-Mac" */ = {
			isa = XCConfigurationList;
			buildConfigurations = (
				248492441AF6BA83000151A2 /* Debug */,
				248492451AF6BA83000151A2 /* Release */,
			);
			defaultConfigurationIsVisible = 0;
			defaultConfigurationName = Release;
		};
		248492461AF6BA83000151A2 /* Build configuration list for PBXNativeTarget "LoggerLoggerSpecs-Mac" */ = {
			isa = XCConfigurationList;
			buildConfigurations = (
				248492471AF6BA83000151A2 /* Debug */,
				248492481AF6BA83000151A2 /* Release */,
			);
			defaultConfigurationIsVisible = 0;
			defaultConfigurationName = Release;
		};
/* End XCConfigurationList section */
	};
	rootObject = 248492061AF6B386000151A2 /* Project object */;
}
