// !$*UTF8*$!
{
	archiveVersion = 1;
	classes = {
	};
	objectVersion = 46;
	objects = {

/* Begin PBXBuildFile section */
		240E1C311AF6C3F400C93F4D /* Level.swift in Sources */ = {isa = PBXBuildFile; fileRef = 240E1C301AF6C3F400C93F4D /* Level.swift */; };
		240E1C431AF73DDB00C93F4D /* MessagePosition.swift in Sources */ = {isa = PBXBuildFile; fileRef = 240E1C421AF73DDB00C93F4D /* MessagePosition.swift */; };
		240E1C4C1AF797F900C93F4D /* Nimble.framework in Frameworks */ = {isa = PBXBuildFile; fileRef = 240E1C4A1AF797F900C93F4D /* Nimble.framework */; };
		240E1C4D1AF797F900C93F4D /* Quick.framework in Frameworks */ = {isa = PBXBuildFile; fileRef = 240E1C4B1AF797F900C93F4D /* Quick.framework */; };
		240E1C501AF7980C00C93F4D /* Nimble.framework in Frameworks */ = {isa = PBXBuildFile; fileRef = 240E1C4E1AF7980C00C93F4D /* Nimble.framework */; };
		240E1C511AF7980C00C93F4D /* Quick.framework in Frameworks */ = {isa = PBXBuildFile; fileRef = 240E1C4F1AF7980C00C93F4D /* Quick.framework */; };
		241291AA1AF799C5005DC415 /* MessagePositionSpec.swift in Sources */ = {isa = PBXBuildFile; fileRef = 240E1C481AF7972500C93F4D /* MessagePositionSpec.swift */; };
		241291AB1AF799C8005DC415 /* MessagePositionSpec.swift in Sources */ = {isa = PBXBuildFile; fileRef = 240E1C481AF7972500C93F4D /* MessagePositionSpec.swift */; };
		241291AC1AF799CE005DC415 /* Level.swift in Sources */ = {isa = PBXBuildFile; fileRef = 240E1C301AF6C3F400C93F4D /* Level.swift */; };
		241291AD1AF799D1005DC415 /* MessagePosition.swift in Sources */ = {isa = PBXBuildFile; fileRef = 240E1C421AF73DDB00C93F4D /* MessagePosition.swift */; };
		241291AE1AF799E4005DC415 /* MessagePosition.swift in Sources */ = {isa = PBXBuildFile; fileRef = 240E1C421AF73DDB00C93F4D /* MessagePosition.swift */; };
		241291AF1AF799E6005DC415 /* MessagePosition.swift in Sources */ = {isa = PBXBuildFile; fileRef = 240E1C421AF73DDB00C93F4D /* MessagePosition.swift */; };
		241291B01AF799F6005DC415 /* Level.swift in Sources */ = {isa = PBXBuildFile; fileRef = 240E1C301AF6C3F400C93F4D /* Level.swift */; };
		241291B11AF799F6005DC415 /* Level.swift in Sources */ = {isa = PBXBuildFile; fileRef = 240E1C301AF6C3F400C93F4D /* Level.swift */; };
		241291B31AF79AA2005DC415 /* Nimble.framework in CopyFiles */ = {isa = PBXBuildFile; fileRef = 240E1C4E1AF7980C00C93F4D /* Nimble.framework */; settings = {ATTRIBUTES = (CodeSignOnCopy, RemoveHeadersOnCopy, ); }; };
		241291B41AF79AA2005DC415 /* Quick.framework in CopyFiles */ = {isa = PBXBuildFile; fileRef = 240E1C4F1AF7980C00C93F4D /* Quick.framework */; settings = {ATTRIBUTES = (CodeSignOnCopy, RemoveHeadersOnCopy, ); }; };
		241291B61AF79AC0005DC415 /* Nimble.framework in CopyFiles */ = {isa = PBXBuildFile; fileRef = 240E1C4A1AF797F900C93F4D /* Nimble.framework */; settings = {ATTRIBUTES = (CodeSignOnCopy, RemoveHeadersOnCopy, ); }; };
		241291B71AF79AC0005DC415 /* Quick.framework in CopyFiles */ = {isa = PBXBuildFile; fileRef = 240E1C4B1AF797F900C93F4D /* Quick.framework */; settings = {ATTRIBUTES = (CodeSignOnCopy, RemoveHeadersOnCopy, ); }; };
		241291B91AF79F45005DC415 /* Configuration.swift in Sources */ = {isa = PBXBuildFile; fileRef = 241291B81AF79F45005DC415 /* Configuration.swift */; };
		241291BB1AF7A1E8005DC415 /* ConfigurationProvider.swift in Sources */ = {isa = PBXBuildFile; fileRef = 241291BA1AF7A1E8005DC415 /* ConfigurationProvider.swift */; };
		241291BD1AF7A37F005DC415 /* MessageWriter.swift in Sources */ = {isa = PBXBuildFile; fileRef = 241291BC1AF7A37F005DC415 /* MessageWriter.swift */; };
		241291BF1AF7A3A4005DC415 /* MessageProvider.swift in Sources */ = {isa = PBXBuildFile; fileRef = 241291BE1AF7A3A4005DC415 /* MessageProvider.swift */; };
		241291C11AF7A659005DC415 /* MessageFormatter.swift in Sources */ = {isa = PBXBuildFile; fileRef = 241291C01AF7A659005DC415 /* MessageFormatter.swift */; };
		241291C31AF7A83F005DC415 /* InMemoryDateFormatterPool.swift in Sources */ = {isa = PBXBuildFile; fileRef = 241291C21AF7A83F005DC415 /* InMemoryDateFormatterPool.swift */; };
		241291C51AF7AB0B005DC415 /* DateFormatterPool.swift in Sources */ = {isa = PBXBuildFile; fileRef = 241291C41AF7AB0B005DC415 /* DateFormatterPool.swift */; };
		241291C71AF7AB4E005DC415 /* DefaultMessageFormatter.swift in Sources */ = {isa = PBXBuildFile; fileRef = 241291C61AF7AB4E005DC415 /* DefaultMessageFormatter.swift */; };
		241291D01AF7AE3E005DC415 /* Configuration.swift in Sources */ = {isa = PBXBuildFile; fileRef = 241291B81AF79F45005DC415 /* Configuration.swift */; };
		241291D11AF7AE3E005DC415 /* ConfigurationProvider.swift in Sources */ = {isa = PBXBuildFile; fileRef = 241291BA1AF7A1E8005DC415 /* ConfigurationProvider.swift */; };
		241291D21AF7AE3E005DC415 /* DateFormatterPool.swift in Sources */ = {isa = PBXBuildFile; fileRef = 241291C41AF7AB0B005DC415 /* DateFormatterPool.swift */; };
		241291D31AF7AE3E005DC415 /* DefaultMessageFormatter.swift in Sources */ = {isa = PBXBuildFile; fileRef = 241291C61AF7AB4E005DC415 /* DefaultMessageFormatter.swift */; };
		241291D41AF7AE3E005DC415 /* InMemoryDateFormatterPool.swift in Sources */ = {isa = PBXBuildFile; fileRef = 241291C21AF7A83F005DC415 /* InMemoryDateFormatterPool.swift */; };
		241291D51AF7AE3E005DC415 /* MessageFormatter.swift in Sources */ = {isa = PBXBuildFile; fileRef = 241291C01AF7A659005DC415 /* MessageFormatter.swift */; };
		241291D61AF7AE3E005DC415 /* MessageProvider.swift in Sources */ = {isa = PBXBuildFile; fileRef = 241291BE1AF7A3A4005DC415 /* MessageProvider.swift */; };
		241291D71AF7AE3E005DC415 /* MessageWriter.swift in Sources */ = {isa = PBXBuildFile; fileRef = 241291BC1AF7A37F005DC415 /* MessageWriter.swift */; };
		243A58961AF7B07500E4BB8F /* Basename.swift in Sources */ = {isa = PBXBuildFile; fileRef = 243A58951AF7B07500E4BB8F /* Basename.swift */; };
		243A58981AF7B5BF00E4BB8F /* ConsoleMessageWriter.swift in Sources */ = {isa = PBXBuildFile; fileRef = 243A58971AF7B5BF00E4BB8F /* ConsoleMessageWriter.swift */; };
		243A58991AF7B5BF00E4BB8F /* ConsoleMessageWriter.swift in Sources */ = {isa = PBXBuildFile; fileRef = 243A58971AF7B5BF00E4BB8F /* ConsoleMessageWriter.swift */; };
		243A589B1AF7B6EA00E4BB8F /* PlistConfigurationProvider.swift in Sources */ = {isa = PBXBuildFile; fileRef = 243A589A1AF7B6EA00E4BB8F /* PlistConfigurationProvider.swift */; };
		243A589C1AF7B6EA00E4BB8F /* PlistConfigurationProvider.swift in Sources */ = {isa = PBXBuildFile; fileRef = 243A589A1AF7B6EA00E4BB8F /* PlistConfigurationProvider.swift */; };
		243A589D1AF7B6F700E4BB8F /* Basename.swift in Sources */ = {isa = PBXBuildFile; fileRef = 243A58951AF7B07500E4BB8F /* Basename.swift */; };
		243A589E1AF7B6F700E4BB8F /* Configuration.swift in Sources */ = {isa = PBXBuildFile; fileRef = 241291B81AF79F45005DC415 /* Configuration.swift */; };
		243A589F1AF7B6F700E4BB8F /* ConfigurationProvider.swift in Sources */ = {isa = PBXBuildFile; fileRef = 241291BA1AF7A1E8005DC415 /* ConfigurationProvider.swift */; };
		243A58A01AF7B6F700E4BB8F /* ConsoleMessageWriter.swift in Sources */ = {isa = PBXBuildFile; fileRef = 243A58971AF7B5BF00E4BB8F /* ConsoleMessageWriter.swift */; };
		243A58A11AF7B6F700E4BB8F /* DateFormatterPool.swift in Sources */ = {isa = PBXBuildFile; fileRef = 241291C41AF7AB0B005DC415 /* DateFormatterPool.swift */; };
		243A58A21AF7B6F700E4BB8F /* DefaultMessageFormatter.swift in Sources */ = {isa = PBXBuildFile; fileRef = 241291C61AF7AB4E005DC415 /* DefaultMessageFormatter.swift */; };
		243A58A31AF7B6F700E4BB8F /* InMemoryDateFormatterPool.swift in Sources */ = {isa = PBXBuildFile; fileRef = 241291C21AF7A83F005DC415 /* InMemoryDateFormatterPool.swift */; };
		243A58A41AF7B6F700E4BB8F /* MessageFormatter.swift in Sources */ = {isa = PBXBuildFile; fileRef = 241291C01AF7A659005DC415 /* MessageFormatter.swift */; };
		243A58A51AF7B6F700E4BB8F /* MessageProvider.swift in Sources */ = {isa = PBXBuildFile; fileRef = 241291BE1AF7A3A4005DC415 /* MessageProvider.swift */; };
		243A58A61AF7B6F700E4BB8F /* MessageWriter.swift in Sources */ = {isa = PBXBuildFile; fileRef = 241291BC1AF7A37F005DC415 /* MessageWriter.swift */; };
		243A58A71AF7B6F800E4BB8F /* Basename.swift in Sources */ = {isa = PBXBuildFile; fileRef = 243A58951AF7B07500E4BB8F /* Basename.swift */; };
		243A58A81AF7B6F800E4BB8F /* Basename.swift in Sources */ = {isa = PBXBuildFile; fileRef = 243A58951AF7B07500E4BB8F /* Basename.swift */; };
		243A58A91AF7B6F800E4BB8F /* Configuration.swift in Sources */ = {isa = PBXBuildFile; fileRef = 241291B81AF79F45005DC415 /* Configuration.swift */; };
		243A58AA1AF7B6F800E4BB8F /* ConfigurationProvider.swift in Sources */ = {isa = PBXBuildFile; fileRef = 241291BA1AF7A1E8005DC415 /* ConfigurationProvider.swift */; };
		243A58AB1AF7B6F800E4BB8F /* ConsoleMessageWriter.swift in Sources */ = {isa = PBXBuildFile; fileRef = 243A58971AF7B5BF00E4BB8F /* ConsoleMessageWriter.swift */; };
		243A58AC1AF7B6F800E4BB8F /* DateFormatterPool.swift in Sources */ = {isa = PBXBuildFile; fileRef = 241291C41AF7AB0B005DC415 /* DateFormatterPool.swift */; };
		243A58AD1AF7B6F800E4BB8F /* DefaultMessageFormatter.swift in Sources */ = {isa = PBXBuildFile; fileRef = 241291C61AF7AB4E005DC415 /* DefaultMessageFormatter.swift */; };
		243A58AE1AF7B6F800E4BB8F /* InMemoryDateFormatterPool.swift in Sources */ = {isa = PBXBuildFile; fileRef = 241291C21AF7A83F005DC415 /* InMemoryDateFormatterPool.swift */; };
		243A58AF1AF7B6F800E4BB8F /* MessageFormatter.swift in Sources */ = {isa = PBXBuildFile; fileRef = 241291C01AF7A659005DC415 /* MessageFormatter.swift */; };
		243A58B01AF7B6F800E4BB8F /* MessageProvider.swift in Sources */ = {isa = PBXBuildFile; fileRef = 241291BE1AF7A3A4005DC415 /* MessageProvider.swift */; };
		243A58B11AF7B6F800E4BB8F /* MessageWriter.swift in Sources */ = {isa = PBXBuildFile; fileRef = 241291BC1AF7A37F005DC415 /* MessageWriter.swift */; };
		243A58B21AF7B6FC00E4BB8F /* PlistConfigurationProvider.swift in Sources */ = {isa = PBXBuildFile; fileRef = 243A589A1AF7B6EA00E4BB8F /* PlistConfigurationProvider.swift */; };
		243A58B31AF7B6FC00E4BB8F /* PlistConfigurationProvider.swift in Sources */ = {isa = PBXBuildFile; fileRef = 243A589A1AF7B6EA00E4BB8F /* PlistConfigurationProvider.swift */; };
		243A58EC1AF7CB9E00E4BB8F /* Logger.swift in Sources */ = {isa = PBXBuildFile; fileRef = 243A58EB1AF7CB9D00E4BB8F /* Logger.swift */; };
		243A58ED1AF7CBA100E4BB8F /* Logger.swift in Sources */ = {isa = PBXBuildFile; fileRef = 243A58EB1AF7CB9D00E4BB8F /* Logger.swift */; };
		243A58EE1AF7CBA200E4BB8F /* Logger.swift in Sources */ = {isa = PBXBuildFile; fileRef = 243A58EB1AF7CB9D00E4BB8F /* Logger.swift */; };
		243A58EF1AF7CBA200E4BB8F /* Logger.swift in Sources */ = {isa = PBXBuildFile; fileRef = 243A58EB1AF7CB9D00E4BB8F /* Logger.swift */; };
		243A58F11AF7CC1300E4BB8F /* ConfigurationProviderManager.swift in Sources */ = {isa = PBXBuildFile; fileRef = 243A58F01AF7CC1300E4BB8F /* ConfigurationProviderManager.swift */; };
		243A58F21AF7CC6600E4BB8F /* ConfigurationProviderManager.swift in Sources */ = {isa = PBXBuildFile; fileRef = 243A58F01AF7CC1300E4BB8F /* ConfigurationProviderManager.swift */; };
		243A58F31AF7CC6700E4BB8F /* ConfigurationProviderManager.swift in Sources */ = {isa = PBXBuildFile; fileRef = 243A58F01AF7CC1300E4BB8F /* ConfigurationProviderManager.swift */; };
		243A58F41AF7CC6800E4BB8F /* ConfigurationProviderManager.swift in Sources */ = {isa = PBXBuildFile; fileRef = 243A58F01AF7CC1300E4BB8F /* ConfigurationProviderManager.swift */; };
		243A58F61AF7CC9300E4BB8F /* MessageWriterManager.swift in Sources */ = {isa = PBXBuildFile; fileRef = 243A58F51AF7CC9300E4BB8F /* MessageWriterManager.swift */; };
		243A58F71AF7CC9300E4BB8F /* MessageWriterManager.swift in Sources */ = {isa = PBXBuildFile; fileRef = 243A58F51AF7CC9300E4BB8F /* MessageWriterManager.swift */; };
		243A58F81AF7CC9300E4BB8F /* MessageWriterManager.swift in Sources */ = {isa = PBXBuildFile; fileRef = 243A58F51AF7CC9300E4BB8F /* MessageWriterManager.swift */; };
		243A58F91AF7CC9300E4BB8F /* MessageWriterManager.swift in Sources */ = {isa = PBXBuildFile; fileRef = 243A58F51AF7CC9300E4BB8F /* MessageWriterManager.swift */; };
		243A59001AF7D33300E4BB8F /* MessageWriterManagerSpec.swift in Sources */ = {isa = PBXBuildFile; fileRef = 243A58FF1AF7D33300E4BB8F /* MessageWriterManagerSpec.swift */; };
		243A59011AF7D33300E4BB8F /* MessageWriterManagerSpec.swift in Sources */ = {isa = PBXBuildFile; fileRef = 243A58FF1AF7D33300E4BB8F /* MessageWriterManagerSpec.swift */; };
		243A59031AF7D36000E4BB8F /* BasenameSpec.swift in Sources */ = {isa = PBXBuildFile; fileRef = 243A59021AF7D36000E4BB8F /* BasenameSpec.swift */; };
		243A59041AF7D36000E4BB8F /* BasenameSpec.swift in Sources */ = {isa = PBXBuildFile; fileRef = 243A59021AF7D36000E4BB8F /* BasenameSpec.swift */; };
		243A59061AF7D39000E4BB8F /* ConfigurationProviderManagerSpec.swift in Sources */ = {isa = PBXBuildFile; fileRef = 243A59051AF7D39000E4BB8F /* ConfigurationProviderManagerSpec.swift */; };
		243A59071AF7D39000E4BB8F /* ConfigurationProviderManagerSpec.swift in Sources */ = {isa = PBXBuildFile; fileRef = 243A59051AF7D39000E4BB8F /* ConfigurationProviderManagerSpec.swift */; };
		243A59091AF7D3CF00E4BB8F /* ConfigurationSpec.swift in Sources */ = {isa = PBXBuildFile; fileRef = 243A59081AF7D3CF00E4BB8F /* ConfigurationSpec.swift */; };
		243A590A1AF7D3CF00E4BB8F /* ConfigurationSpec.swift in Sources */ = {isa = PBXBuildFile; fileRef = 243A59081AF7D3CF00E4BB8F /* ConfigurationSpec.swift */; };
		243A590C1AF7EE5500E4BB8F /* ConsoleMessageWriterSpec.swift in Sources */ = {isa = PBXBuildFile; fileRef = 243A590B1AF7EE5500E4BB8F /* ConsoleMessageWriterSpec.swift */; };
		243A590D1AF7EE5500E4BB8F /* ConsoleMessageWriterSpec.swift in Sources */ = {isa = PBXBuildFile; fileRef = 243A590B1AF7EE5500E4BB8F /* ConsoleMessageWriterSpec.swift */; };
		243A590F1AF7F3E600E4BB8F /* DefaultMessageFormatterSpec.swift in Sources */ = {isa = PBXBuildFile; fileRef = 243A590E1AF7F3E600E4BB8F /* DefaultMessageFormatterSpec.swift */; };
		243A59101AF7F3E600E4BB8F /* DefaultMessageFormatterSpec.swift in Sources */ = {isa = PBXBuildFile; fileRef = 243A590E1AF7F3E600E4BB8F /* DefaultMessageFormatterSpec.swift */; };
		243A59121AF7F96A00E4BB8F /* Synchronized.swift in Sources */ = {isa = PBXBuildFile; fileRef = 243A59111AF7F96A00E4BB8F /* Synchronized.swift */; };
		243A59131AF7F96A00E4BB8F /* Synchronized.swift in Sources */ = {isa = PBXBuildFile; fileRef = 243A59111AF7F96A00E4BB8F /* Synchronized.swift */; };
		243A59141AF7F96E00E4BB8F /* Synchronized.swift in Sources */ = {isa = PBXBuildFile; fileRef = 243A59111AF7F96A00E4BB8F /* Synchronized.swift */; };
		243A59151AF7F96F00E4BB8F /* Synchronized.swift in Sources */ = {isa = PBXBuildFile; fileRef = 243A59111AF7F96A00E4BB8F /* Synchronized.swift */; };
		243A59171AF7FC2300E4BB8F /* InMemoryDateFormatterPoolSpec.swift in Sources */ = {isa = PBXBuildFile; fileRef = 243A59161AF7FC2300E4BB8F /* InMemoryDateFormatterPoolSpec.swift */; };
		243A59181AF7FC2300E4BB8F /* InMemoryDateFormatterPoolSpec.swift in Sources */ = {isa = PBXBuildFile; fileRef = 243A59161AF7FC2300E4BB8F /* InMemoryDateFormatterPoolSpec.swift */; };
		243A591A1AF7FD7400E4BB8F /* LevelSpec.swift in Sources */ = {isa = PBXBuildFile; fileRef = 243A59191AF7FD7400E4BB8F /* LevelSpec.swift */; };
		243A591B1AF7FD7400E4BB8F /* LevelSpec.swift in Sources */ = {isa = PBXBuildFile; fileRef = 243A59191AF7FD7400E4BB8F /* LevelSpec.swift */; };
		243A591D1AF7FDAA00E4BB8F /* LoggerSpec.swift in Sources */ = {isa = PBXBuildFile; fileRef = 243A591C1AF7FDAA00E4BB8F /* LoggerSpec.swift */; };
		243A591E1AF7FDAA00E4BB8F /* LoggerSpec.swift in Sources */ = {isa = PBXBuildFile; fileRef = 243A591C1AF7FDAA00E4BB8F /* LoggerSpec.swift */; };
		243A59201AF8004D00E4BB8F /* PlistConfigurationProviderSpec.swift in Sources */ = {isa = PBXBuildFile; fileRef = 243A591F1AF8004D00E4BB8F /* PlistConfigurationProviderSpec.swift */; };
		243A59211AF8004D00E4BB8F /* PlistConfigurationProviderSpec.swift in Sources */ = {isa = PBXBuildFile; fileRef = 243A591F1AF8004D00E4BB8F /* PlistConfigurationProviderSpec.swift */; };
		243A59261AF8019600E4BB8F /* FormatSet.plist in Resources */ = {isa = PBXBuildFile; fileRef = 243A59221AF8019600E4BB8F /* FormatSet.plist */; };
		243A59271AF8019600E4BB8F /* FormatSet.plist in Resources */ = {isa = PBXBuildFile; fileRef = 243A59221AF8019600E4BB8F /* FormatSet.plist */; };
		243A59281AF8019600E4BB8F /* LevelSet.plist in Resources */ = {isa = PBXBuildFile; fileRef = 243A59231AF8019600E4BB8F /* LevelSet.plist */; };
		243A59291AF8019600E4BB8F /* LevelSet.plist in Resources */ = {isa = PBXBuildFile; fileRef = 243A59231AF8019600E4BB8F /* LevelSet.plist */; };
		243A592A1AF8019600E4BB8F /* Named.plist in Resources */ = {isa = PBXBuildFile; fileRef = 243A59241AF8019600E4BB8F /* Named.plist */; };
		243A592B1AF8019600E4BB8F /* Named.plist in Resources */ = {isa = PBXBuildFile; fileRef = 243A59241AF8019600E4BB8F /* Named.plist */; };
		243A592C1AF8019600E4BB8F /* RootOnly.plist in Resources */ = {isa = PBXBuildFile; fileRef = 243A59251AF8019600E4BB8F /* RootOnly.plist */; };
		243A592D1AF8019600E4BB8F /* RootOnly.plist in Resources */ = {isa = PBXBuildFile; fileRef = 243A59251AF8019600E4BB8F /* RootOnly.plist */; };
		243A592F1AF802B800E4BB8F /* Levels.plist in Resources */ = {isa = PBXBuildFile; fileRef = 243A592E1AF802B800E4BB8F /* Levels.plist */; };
		243A59301AF802B800E4BB8F /* Levels.plist in Resources */ = {isa = PBXBuildFile; fileRef = 243A592E1AF802B800E4BB8F /* Levels.plist */; };
		248492151AF6B386000151A2 /* LoggerLogger.h in Headers */ = {isa = PBXBuildFile; fileRef = 248492141AF6B386000151A2 /* LoggerLogger.h */; settings = {ATTRIBUTES = (Public, ); }; };
		2484921B1AF6B386000151A2 /* LoggerLogger.framework in Frameworks */ = {isa = PBXBuildFile; fileRef = 2484920F1AF6B386000151A2 /* LoggerLogger.framework */; };
		2484923B1AF6BA83000151A2 /* LoggerLogger.framework in Frameworks */ = {isa = PBXBuildFile; fileRef = 248492301AF6BA83000151A2 /* LoggerLogger.framework */; };
		248492491AF6BDD5000151A2 /* LoggerLogger.h in Headers */ = {isa = PBXBuildFile; fileRef = 248492141AF6B386000151A2 /* LoggerLogger.h */; settings = {ATTRIBUTES = (Public, ); }; };
		24D5A06D1AF897F000C536C7 /* String.swift in Sources */ = {isa = PBXBuildFile; fileRef = 24D5A06C1AF897F000C536C7 /* String.swift */; };
		24D5A06E1AF8997F00C536C7 /* String.swift in Sources */ = {isa = PBXBuildFile; fileRef = 24D5A06C1AF897F000C536C7 /* String.swift */; };
		24D5A06F1AF8998000C536C7 /* String.swift in Sources */ = {isa = PBXBuildFile; fileRef = 24D5A06C1AF897F000C536C7 /* String.swift */; };
		24D5A0701AF8998100C536C7 /* String.swift in Sources */ = {isa = PBXBuildFile; fileRef = 24D5A06C1AF897F000C536C7 /* String.swift */; };
		24D5A0721AF89AB000C536C7 /* Range.swift in Sources */ = {isa = PBXBuildFile; fileRef = 24D5A0711AF89AB000C536C7 /* Range.swift */; };
		24D5A0731AF89AF100C536C7 /* Range.swift in Sources */ = {isa = PBXBuildFile; fileRef = 24D5A0711AF89AB000C536C7 /* Range.swift */; };
		24D5A0741AF89AF100C536C7 /* Range.swift in Sources */ = {isa = PBXBuildFile; fileRef = 24D5A0711AF89AB000C536C7 /* Range.swift */; };
		24D5A0751AF89AF200C536C7 /* Range.swift in Sources */ = {isa = PBXBuildFile; fileRef = 24D5A0711AF89AB000C536C7 /* Range.swift */; };
/* End PBXBuildFile section */

/* Begin PBXContainerItemProxy section */
		2484921C1AF6B386000151A2 /* PBXContainerItemProxy */ = {
			isa = PBXContainerItemProxy;
			containerPortal = 248492061AF6B386000151A2 /* Project object */;
			proxyType = 1;
			remoteGlobalIDString = 2484920E1AF6B386000151A2;
			remoteInfo = LoggerLogger;
		};
		2484923C1AF6BA83000151A2 /* PBXContainerItemProxy */ = {
			isa = PBXContainerItemProxy;
			containerPortal = 248492061AF6B386000151A2 /* Project object */;
			proxyType = 1;
			remoteGlobalIDString = 2484922F1AF6BA83000151A2;
			remoteInfo = LoggerLogger;
		};
/* End PBXContainerItemProxy section */

/* Begin PBXCopyFilesBuildPhase section */
		241291B21AF79A95005DC415 /* CopyFiles */ = {
			isa = PBXCopyFilesBuildPhase;
			buildActionMask = 2147483647;
			dstPath = "";
			dstSubfolderSpec = 10;
			files = (
				241291B31AF79AA2005DC415 /* Nimble.framework in CopyFiles */,
				241291B41AF79AA2005DC415 /* Quick.framework in CopyFiles */,
			);
			runOnlyForDeploymentPostprocessing = 0;
		};
		241291B51AF79AB6005DC415 /* CopyFiles */ = {
			isa = PBXCopyFilesBuildPhase;
			buildActionMask = 2147483647;
			dstPath = "";
			dstSubfolderSpec = 10;
			files = (
				241291B61AF79AC0005DC415 /* Nimble.framework in CopyFiles */,
				241291B71AF79AC0005DC415 /* Quick.framework in CopyFiles */,
			);
			runOnlyForDeploymentPostprocessing = 0;
		};
/* End PBXCopyFilesBuildPhase section */

/* Begin PBXFileReference section */
		240E1C301AF6C3F400C93F4D /* Level.swift */ = {isa = PBXFileReference; fileEncoding = 4; lastKnownFileType = sourcecode.swift; path = Level.swift; sourceTree = "<group>"; };
		240E1C421AF73DDB00C93F4D /* MessagePosition.swift */ = {isa = PBXFileReference; fileEncoding = 4; lastKnownFileType = sourcecode.swift; path = MessagePosition.swift; sourceTree = "<group>"; };
		240E1C481AF7972500C93F4D /* MessagePositionSpec.swift */ = {isa = PBXFileReference; fileEncoding = 4; lastKnownFileType = sourcecode.swift; path = MessagePositionSpec.swift; sourceTree = "<group>"; };
		240E1C4A1AF797F900C93F4D /* Nimble.framework */ = {isa = PBXFileReference; lastKnownFileType = wrapper.framework; name = Nimble.framework; path = ../Carthage/Build/iOS/Nimble.framework; sourceTree = "<group>"; };
		240E1C4B1AF797F900C93F4D /* Quick.framework */ = {isa = PBXFileReference; lastKnownFileType = wrapper.framework; name = Quick.framework; path = ../Carthage/Build/iOS/Quick.framework; sourceTree = "<group>"; };
		240E1C4E1AF7980C00C93F4D /* Nimble.framework */ = {isa = PBXFileReference; lastKnownFileType = wrapper.framework; name = Nimble.framework; path = ../Carthage/Build/Mac/Nimble.framework; sourceTree = "<group>"; };
		240E1C4F1AF7980C00C93F4D /* Quick.framework */ = {isa = PBXFileReference; lastKnownFileType = wrapper.framework; name = Quick.framework; path = ../Carthage/Build/Mac/Quick.framework; sourceTree = "<group>"; };
		241291B81AF79F45005DC415 /* Configuration.swift */ = {isa = PBXFileReference; fileEncoding = 4; lastKnownFileType = sourcecode.swift; path = Configuration.swift; sourceTree = "<group>"; };
		241291BA1AF7A1E8005DC415 /* ConfigurationProvider.swift */ = {isa = PBXFileReference; fileEncoding = 4; lastKnownFileType = sourcecode.swift; path = ConfigurationProvider.swift; sourceTree = "<group>"; };
		241291BC1AF7A37F005DC415 /* MessageWriter.swift */ = {isa = PBXFileReference; fileEncoding = 4; lastKnownFileType = sourcecode.swift; path = MessageWriter.swift; sourceTree = "<group>"; };
		241291BE1AF7A3A4005DC415 /* MessageProvider.swift */ = {isa = PBXFileReference; fileEncoding = 4; lastKnownFileType = sourcecode.swift; path = MessageProvider.swift; sourceTree = "<group>"; };
		241291C01AF7A659005DC415 /* MessageFormatter.swift */ = {isa = PBXFileReference; fileEncoding = 4; lastKnownFileType = sourcecode.swift; path = MessageFormatter.swift; sourceTree = "<group>"; };
		241291C21AF7A83F005DC415 /* InMemoryDateFormatterPool.swift */ = {isa = PBXFileReference; fileEncoding = 4; lastKnownFileType = sourcecode.swift; path = InMemoryDateFormatterPool.swift; sourceTree = "<group>"; };
		241291C41AF7AB0B005DC415 /* DateFormatterPool.swift */ = {isa = PBXFileReference; fileEncoding = 4; lastKnownFileType = sourcecode.swift; path = DateFormatterPool.swift; sourceTree = "<group>"; };
		241291C61AF7AB4E005DC415 /* DefaultMessageFormatter.swift */ = {isa = PBXFileReference; fileEncoding = 4; lastKnownFileType = sourcecode.swift; path = DefaultMessageFormatter.swift; sourceTree = "<group>"; };
		243A58951AF7B07500E4BB8F /* Basename.swift */ = {isa = PBXFileReference; fileEncoding = 4; lastKnownFileType = sourcecode.swift; path = Basename.swift; sourceTree = "<group>"; };
		243A58971AF7B5BF00E4BB8F /* ConsoleMessageWriter.swift */ = {isa = PBXFileReference; fileEncoding = 4; lastKnownFileType = sourcecode.swift; path = ConsoleMessageWriter.swift; sourceTree = "<group>"; };
		243A589A1AF7B6EA00E4BB8F /* PlistConfigurationProvider.swift */ = {isa = PBXFileReference; fileEncoding = 4; lastKnownFileType = sourcecode.swift; path = PlistConfigurationProvider.swift; sourceTree = "<group>"; };
		243A58EB1AF7CB9D00E4BB8F /* Logger.swift */ = {isa = PBXFileReference; fileEncoding = 4; lastKnownFileType = sourcecode.swift; path = Logger.swift; sourceTree = "<group>"; };
		243A58F01AF7CC1300E4BB8F /* ConfigurationProviderManager.swift */ = {isa = PBXFileReference; fileEncoding = 4; lastKnownFileType = sourcecode.swift; path = ConfigurationProviderManager.swift; sourceTree = "<group>"; };
		243A58F51AF7CC9300E4BB8F /* MessageWriterManager.swift */ = {isa = PBXFileReference; fileEncoding = 4; lastKnownFileType = sourcecode.swift; path = MessageWriterManager.swift; sourceTree = "<group>"; };
		243A58FF1AF7D33300E4BB8F /* MessageWriterManagerSpec.swift */ = {isa = PBXFileReference; fileEncoding = 4; lastKnownFileType = sourcecode.swift; path = MessageWriterManagerSpec.swift; sourceTree = "<group>"; };
		243A59021AF7D36000E4BB8F /* BasenameSpec.swift */ = {isa = PBXFileReference; fileEncoding = 4; lastKnownFileType = sourcecode.swift; path = BasenameSpec.swift; sourceTree = "<group>"; };
		243A59051AF7D39000E4BB8F /* ConfigurationProviderManagerSpec.swift */ = {isa = PBXFileReference; fileEncoding = 4; lastKnownFileType = sourcecode.swift; path = ConfigurationProviderManagerSpec.swift; sourceTree = "<group>"; };
		243A59081AF7D3CF00E4BB8F /* ConfigurationSpec.swift */ = {isa = PBXFileReference; fileEncoding = 4; lastKnownFileType = sourcecode.swift; path = ConfigurationSpec.swift; sourceTree = "<group>"; };
		243A590B1AF7EE5500E4BB8F /* ConsoleMessageWriterSpec.swift */ = {isa = PBXFileReference; fileEncoding = 4; lastKnownFileType = sourcecode.swift; path = ConsoleMessageWriterSpec.swift; sourceTree = "<group>"; };
		243A590E1AF7F3E600E4BB8F /* DefaultMessageFormatterSpec.swift */ = {isa = PBXFileReference; fileEncoding = 4; lastKnownFileType = sourcecode.swift; path = DefaultMessageFormatterSpec.swift; sourceTree = "<group>"; };
		243A59111AF7F96A00E4BB8F /* Synchronized.swift */ = {isa = PBXFileReference; fileEncoding = 4; lastKnownFileType = sourcecode.swift; path = Synchronized.swift; sourceTree = "<group>"; };
		243A59161AF7FC2300E4BB8F /* InMemoryDateFormatterPoolSpec.swift */ = {isa = PBXFileReference; fileEncoding = 4; lastKnownFileType = sourcecode.swift; path = InMemoryDateFormatterPoolSpec.swift; sourceTree = "<group>"; };
		243A59191AF7FD7400E4BB8F /* LevelSpec.swift */ = {isa = PBXFileReference; fileEncoding = 4; lastKnownFileType = sourcecode.swift; path = LevelSpec.swift; sourceTree = "<group>"; };
		243A591C1AF7FDAA00E4BB8F /* LoggerSpec.swift */ = {isa = PBXFileReference; fileEncoding = 4; lastKnownFileType = sourcecode.swift; path = LoggerSpec.swift; sourceTree = "<group>"; };
		243A591F1AF8004D00E4BB8F /* PlistConfigurationProviderSpec.swift */ = {isa = PBXFileReference; fileEncoding = 4; lastKnownFileType = sourcecode.swift; path = PlistConfigurationProviderSpec.swift; sourceTree = "<group>"; };
		243A59221AF8019600E4BB8F /* FormatSet.plist */ = {isa = PBXFileReference; fileEncoding = 4; lastKnownFileType = text.plist.xml; path = FormatSet.plist; sourceTree = "<group>"; };
		243A59231AF8019600E4BB8F /* LevelSet.plist */ = {isa = PBXFileReference; fileEncoding = 4; lastKnownFileType = text.plist.xml; path = LevelSet.plist; sourceTree = "<group>"; };
		243A59241AF8019600E4BB8F /* Named.plist */ = {isa = PBXFileReference; fileEncoding = 4; lastKnownFileType = text.plist.xml; path = Named.plist; sourceTree = "<group>"; };
		243A59251AF8019600E4BB8F /* RootOnly.plist */ = {isa = PBXFileReference; fileEncoding = 4; lastKnownFileType = text.plist.xml; path = RootOnly.plist; sourceTree = "<group>"; };
		243A592E1AF802B800E4BB8F /* Levels.plist */ = {isa = PBXFileReference; fileEncoding = 4; lastKnownFileType = text.plist.xml; path = Levels.plist; sourceTree = "<group>"; };
		2484920F1AF6B386000151A2 /* LoggerLogger.framework */ = {isa = PBXFileReference; explicitFileType = wrapper.framework; includeInIndex = 0; path = LoggerLogger.framework; sourceTree = BUILT_PRODUCTS_DIR; };
		248492131AF6B386000151A2 /* Info.plist */ = {isa = PBXFileReference; lastKnownFileType = text.plist.xml; path = Info.plist; sourceTree = "<group>"; };
		248492141AF6B386000151A2 /* LoggerLogger.h */ = {isa = PBXFileReference; lastKnownFileType = sourcecode.c.h; path = LoggerLogger.h; sourceTree = "<group>"; };
		2484921A1AF6B386000151A2 /* LoggerLoggerTests-iOS.xctest */ = {isa = PBXFileReference; explicitFileType = wrapper.cfbundle; includeInIndex = 0; path = "LoggerLoggerTests-iOS.xctest"; sourceTree = BUILT_PRODUCTS_DIR; };
		248492201AF6B386000151A2 /* Info.plist */ = {isa = PBXFileReference; lastKnownFileType = text.plist.xml; path = Info.plist; sourceTree = "<group>"; };
		248492301AF6BA83000151A2 /* LoggerLogger.framework */ = {isa = PBXFileReference; explicitFileType = wrapper.framework; includeInIndex = 0; path = LoggerLogger.framework; sourceTree = BUILT_PRODUCTS_DIR; };
		2484923A1AF6BA83000151A2 /* LoggerLoggerTests-Mac.xctest */ = {isa = PBXFileReference; explicitFileType = wrapper.cfbundle; includeInIndex = 0; path = "LoggerLoggerTests-Mac.xctest"; sourceTree = BUILT_PRODUCTS_DIR; };
		24D5A06C1AF897F000C536C7 /* String.swift */ = {isa = PBXFileReference; fileEncoding = 4; lastKnownFileType = sourcecode.swift; path = String.swift; sourceTree = "<group>"; };
		24D5A0711AF89AB000C536C7 /* Range.swift */ = {isa = PBXFileReference; fileEncoding = 4; lastKnownFileType = sourcecode.swift; path = Range.swift; sourceTree = "<group>"; };
/* End PBXFileReference section */

/* Begin PBXFrameworksBuildPhase section */
		2484920B1AF6B386000151A2 /* Frameworks */ = {
			isa = PBXFrameworksBuildPhase;
			buildActionMask = 2147483647;
			files = (
			);
			runOnlyForDeploymentPostprocessing = 0;
		};
		248492171AF6B386000151A2 /* Frameworks */ = {
			isa = PBXFrameworksBuildPhase;
			buildActionMask = 2147483647;
			files = (
				2484921B1AF6B386000151A2 /* LoggerLogger.framework in Frameworks */,
				240E1C4C1AF797F900C93F4D /* Nimble.framework in Frameworks */,
				240E1C4D1AF797F900C93F4D /* Quick.framework in Frameworks */,
			);
			runOnlyForDeploymentPostprocessing = 0;
		};
		2484922C1AF6BA83000151A2 /* Frameworks */ = {
			isa = PBXFrameworksBuildPhase;
			buildActionMask = 2147483647;
			files = (
			);
			runOnlyForDeploymentPostprocessing = 0;
		};
		248492371AF6BA83000151A2 /* Frameworks */ = {
			isa = PBXFrameworksBuildPhase;
			buildActionMask = 2147483647;
			files = (
				2484923B1AF6BA83000151A2 /* LoggerLogger.framework in Frameworks */,
				240E1C501AF7980C00C93F4D /* Nimble.framework in Frameworks */,
				240E1C511AF7980C00C93F4D /* Quick.framework in Frameworks */,
			);
			runOnlyForDeploymentPostprocessing = 0;
		};
/* End PBXFrameworksBuildPhase section */

/* Begin PBXGroup section */
		248492051AF6B386000151A2 = {
			isa = PBXGroup;
			children = (
				248492111AF6B386000151A2 /* LoggerLogger */,
				2484921E1AF6B386000151A2 /* LoggerLoggerTests */,
				248492101AF6B386000151A2 /* Products */,
			);
			sourceTree = "<group>";
		};
		248492101AF6B386000151A2 /* Products */ = {
			isa = PBXGroup;
			children = (
				2484920F1AF6B386000151A2 /* LoggerLogger.framework */,
				2484921A1AF6B386000151A2 /* LoggerLoggerTests-iOS.xctest */,
				248492301AF6BA83000151A2 /* LoggerLogger.framework */,
				2484923A1AF6BA83000151A2 /* LoggerLoggerTests-Mac.xctest */,
			);
			name = Products;
			sourceTree = "<group>";
		};
		248492111AF6B386000151A2 /* LoggerLogger */ = {
			isa = PBXGroup;
			children = (
				243A58951AF7B07500E4BB8F /* Basename.swift */,
				241291B81AF79F45005DC415 /* Configuration.swift */,
				241291BA1AF7A1E8005DC415 /* ConfigurationProvider.swift */,
				243A58F01AF7CC1300E4BB8F /* ConfigurationProviderManager.swift */,
				243A58971AF7B5BF00E4BB8F /* ConsoleMessageWriter.swift */,
				241291C41AF7AB0B005DC415 /* DateFormatterPool.swift */,
				241291C61AF7AB4E005DC415 /* DefaultMessageFormatter.swift */,
				241291C21AF7A83F005DC415 /* InMemoryDateFormatterPool.swift */,
				240E1C301AF6C3F400C93F4D /* Level.swift */,
				243A58EB1AF7CB9D00E4BB8F /* Logger.swift */,
				241291C01AF7A659005DC415 /* MessageFormatter.swift */,
				240E1C421AF73DDB00C93F4D /* MessagePosition.swift */,
				241291BE1AF7A3A4005DC415 /* MessageProvider.swift */,
				241291BC1AF7A37F005DC415 /* MessageWriter.swift */,
				243A58F51AF7CC9300E4BB8F /* MessageWriterManager.swift */,
				243A589A1AF7B6EA00E4BB8F /* PlistConfigurationProvider.swift */,
				24D5A0711AF89AB000C536C7 /* Range.swift */,
				24D5A06C1AF897F000C536C7 /* String.swift */,
				243A59111AF7F96A00E4BB8F /* Synchronized.swift */,
				248492121AF6B386000151A2 /* Supporting Files */,
			);
			path = LoggerLogger;
			sourceTree = "<group>";
		};
		248492121AF6B386000151A2 /* Supporting Files */ = {
			isa = PBXGroup;
			children = (
				248492131AF6B386000151A2 /* Info.plist */,
				248492141AF6B386000151A2 /* LoggerLogger.h */,
			);
			name = "Supporting Files";
			sourceTree = "<group>";
		};
		2484921E1AF6B386000151A2 /* LoggerLoggerTests */ = {
			isa = PBXGroup;
			children = (
				243A59021AF7D36000E4BB8F /* BasenameSpec.swift */,
				243A59081AF7D3CF00E4BB8F /* ConfigurationSpec.swift */,
				243A59051AF7D39000E4BB8F /* ConfigurationProviderManagerSpec.swift */,
				243A590B1AF7EE5500E4BB8F /* ConsoleMessageWriterSpec.swift */,
				243A590E1AF7F3E600E4BB8F /* DefaultMessageFormatterSpec.swift */,
				243A59161AF7FC2300E4BB8F /* InMemoryDateFormatterPoolSpec.swift */,
				243A59191AF7FD7400E4BB8F /* LevelSpec.swift */,
				243A591C1AF7FDAA00E4BB8F /* LoggerSpec.swift */,
				240E1C481AF7972500C93F4D /* MessagePositionSpec.swift */,
				243A58FF1AF7D33300E4BB8F /* MessageWriterManagerSpec.swift */,
				243A591F1AF8004D00E4BB8F /* PlistConfigurationProviderSpec.swift */,
				2484921F1AF6B386000151A2 /* Supporting Files */,
			);
			path = LoggerLoggerTests;
			sourceTree = "<group>";
		};
		2484921F1AF6B386000151A2 /* Supporting Files */ = {
			isa = PBXGroup;
			children = (
				243A59221AF8019600E4BB8F /* FormatSet.plist */,
				248492201AF6B386000151A2 /* Info.plist */,
				243A592E1AF802B800E4BB8F /* Levels.plist */,
				243A59231AF8019600E4BB8F /* LevelSet.plist */,
				243A59241AF8019600E4BB8F /* Named.plist */,
				243A59251AF8019600E4BB8F /* RootOnly.plist */,
				240E1C4E1AF7980C00C93F4D /* Nimble.framework */,
				240E1C4A1AF797F900C93F4D /* Nimble.framework */,
				240E1C4F1AF7980C00C93F4D /* Quick.framework */,
				240E1C4B1AF797F900C93F4D /* Quick.framework */,
			);
			name = "Supporting Files";
			sourceTree = "<group>";
		};
/* End PBXGroup section */

/* Begin PBXHeadersBuildPhase section */
		2484920C1AF6B386000151A2 /* Headers */ = {
			isa = PBXHeadersBuildPhase;
			buildActionMask = 2147483647;
			files = (
				248492151AF6B386000151A2 /* LoggerLogger.h in Headers */,
			);
			runOnlyForDeploymentPostprocessing = 0;
		};
		2484922D1AF6BA83000151A2 /* Headers */ = {
			isa = PBXHeadersBuildPhase;
			buildActionMask = 2147483647;
			files = (
				248492491AF6BDD5000151A2 /* LoggerLogger.h in Headers */,
			);
			runOnlyForDeploymentPostprocessing = 0;
		};
/* End PBXHeadersBuildPhase section */

/* Begin PBXNativeTarget section */
		2484920E1AF6B386000151A2 /* LoggerLogger-iOS */ = {
			isa = PBXNativeTarget;
			buildConfigurationList = 248492251AF6B386000151A2 /* Build configuration list for PBXNativeTarget "LoggerLogger-iOS" */;
			buildPhases = (
				2484920A1AF6B386000151A2 /* Sources */,
				2484920B1AF6B386000151A2 /* Frameworks */,
				2484920C1AF6B386000151A2 /* Headers */,
				2484920D1AF6B386000151A2 /* Resources */,
			);
			buildRules = (
			);
			dependencies = (
			);
			name = "LoggerLogger-iOS";
			productName = LoggerLogger;
			productReference = 2484920F1AF6B386000151A2 /* LoggerLogger.framework */;
			productType = "com.apple.product-type.framework";
		};
		248492191AF6B386000151A2 /* LoggerLoggerTests-iOS */ = {
			isa = PBXNativeTarget;
			buildConfigurationList = 248492281AF6B386000151A2 /* Build configuration list for PBXNativeTarget "LoggerLoggerTests-iOS" */;
			buildPhases = (
				248492161AF6B386000151A2 /* Sources */,
				248492171AF6B386000151A2 /* Frameworks */,
				248492181AF6B386000151A2 /* Resources */,
				241291B51AF79AB6005DC415 /* CopyFiles */,
			);
			buildRules = (
			);
			dependencies = (
				2484921D1AF6B386000151A2 /* PBXTargetDependency */,
			);
			name = "LoggerLoggerTests-iOS";
			productName = LoggerLoggerTests;
			productReference = 2484921A1AF6B386000151A2 /* LoggerLoggerTests-iOS.xctest */;
			productType = "com.apple.product-type.bundle.unit-test";
		};
		2484922F1AF6BA83000151A2 /* LoggerLogger-Mac */ = {
			isa = PBXNativeTarget;
			buildConfigurationList = 248492431AF6BA83000151A2 /* Build configuration list for PBXNativeTarget "LoggerLogger-Mac" */;
			buildPhases = (
				2484922B1AF6BA83000151A2 /* Sources */,
				2484922C1AF6BA83000151A2 /* Frameworks */,
				2484922D1AF6BA83000151A2 /* Headers */,
				2484922E1AF6BA83000151A2 /* Resources */,
			);
			buildRules = (
			);
			dependencies = (
			);
			name = "LoggerLogger-Mac";
			productName = LoggerLogger;
			productReference = 248492301AF6BA83000151A2 /* LoggerLogger.framework */;
			productType = "com.apple.product-type.framework";
		};
		248492391AF6BA83000151A2 /* LoggerLoggerTests-Mac */ = {
			isa = PBXNativeTarget;
			buildConfigurationList = 248492461AF6BA83000151A2 /* Build configuration list for PBXNativeTarget "LoggerLoggerTests-Mac" */;
			buildPhases = (
				248492361AF6BA83000151A2 /* Sources */,
				248492371AF6BA83000151A2 /* Frameworks */,
				248492381AF6BA83000151A2 /* Resources */,
				241291B21AF79A95005DC415 /* CopyFiles */,
			);
			buildRules = (
			);
			dependencies = (
				2484923D1AF6BA83000151A2 /* PBXTargetDependency */,
			);
			name = "LoggerLoggerTests-Mac";
			productName = LoggerLoggerTests;
			productReference = 2484923A1AF6BA83000151A2 /* LoggerLoggerTests-Mac.xctest */;
			productType = "com.apple.product-type.bundle.unit-test";
		};
/* End PBXNativeTarget section */

/* Begin PBXProject section */
		248492061AF6B386000151A2 /* Project object */ = {
			isa = PBXProject;
			attributes = {
				LastUpgradeCheck = 0630;
				ORGANIZATIONNAME = "Ben Hale";
				TargetAttributes = {
					2484920E1AF6B386000151A2 = {
						CreatedOnToolsVersion = 6.3.1;
					};
					248492191AF6B386000151A2 = {
						CreatedOnToolsVersion = 6.3.1;
					};
					2484922F1AF6BA83000151A2 = {
						CreatedOnToolsVersion = 6.3.1;
					};
					248492391AF6BA83000151A2 = {
						CreatedOnToolsVersion = 6.3.1;
					};
				};
			};
			buildConfigurationList = 248492091AF6B386000151A2 /* Build configuration list for PBXProject "LoggerLogger" */;
			compatibilityVersion = "Xcode 3.2";
			developmentRegion = English;
			hasScannedForEncodings = 0;
			knownRegions = (
				en,
			);
			mainGroup = 248492051AF6B386000151A2;
			productRefGroup = 248492101AF6B386000151A2 /* Products */;
			projectDirPath = "";
			projectRoot = "";
			targets = (
				2484920E1AF6B386000151A2 /* LoggerLogger-iOS */,
				248492191AF6B386000151A2 /* LoggerLoggerTests-iOS */,
				2484922F1AF6BA83000151A2 /* LoggerLogger-Mac */,
				248492391AF6BA83000151A2 /* LoggerLoggerTests-Mac */,
			);
		};
/* End PBXProject section */

/* Begin PBXResourcesBuildPhase section */
		2484920D1AF6B386000151A2 /* Resources */ = {
			isa = PBXResourcesBuildPhase;
			buildActionMask = 2147483647;
			files = (
			);
			runOnlyForDeploymentPostprocessing = 0;
		};
		248492181AF6B386000151A2 /* Resources */ = {
			isa = PBXResourcesBuildPhase;
			buildActionMask = 2147483647;
			files = (
				243A59281AF8019600E4BB8F /* LevelSet.plist in Resources */,
				243A592F1AF802B800E4BB8F /* Levels.plist in Resources */,
				243A592A1AF8019600E4BB8F /* Named.plist in Resources */,
				243A592C1AF8019600E4BB8F /* RootOnly.plist in Resources */,
				243A59261AF8019600E4BB8F /* FormatSet.plist in Resources */,
			);
			runOnlyForDeploymentPostprocessing = 0;
		};
		2484922E1AF6BA83000151A2 /* Resources */ = {
			isa = PBXResourcesBuildPhase;
			buildActionMask = 2147483647;
			files = (
			);
			runOnlyForDeploymentPostprocessing = 0;
		};
		248492381AF6BA83000151A2 /* Resources */ = {
			isa = PBXResourcesBuildPhase;
			buildActionMask = 2147483647;
			files = (
				243A59291AF8019600E4BB8F /* LevelSet.plist in Resources */,
				243A59301AF802B800E4BB8F /* Levels.plist in Resources */,
				243A592B1AF8019600E4BB8F /* Named.plist in Resources */,
				243A592D1AF8019600E4BB8F /* RootOnly.plist in Resources */,
				243A59271AF8019600E4BB8F /* FormatSet.plist in Resources */,
			);
			runOnlyForDeploymentPostprocessing = 0;
		};
/* End PBXResourcesBuildPhase section */

/* Begin PBXSourcesBuildPhase section */
		2484920A1AF6B386000151A2 /* Sources */ = {
			isa = PBXSourcesBuildPhase;
			buildActionMask = 2147483647;
			files = (
				241291B91AF79F45005DC415 /* Configuration.swift in Sources */,
				241291BB1AF7A1E8005DC415 /* ConfigurationProvider.swift in Sources */,
				241291C51AF7AB0B005DC415 /* DateFormatterPool.swift in Sources */,
				243A58F11AF7CC1300E4BB8F /* ConfigurationProviderManager.swift in Sources */,
				24D5A0721AF89AB000C536C7 /* Range.swift in Sources */,
				243A58EC1AF7CB9E00E4BB8F /* Logger.swift in Sources */,
				243A58F61AF7CC9300E4BB8F /* MessageWriterManager.swift in Sources */,
				241291C71AF7AB4E005DC415 /* DefaultMessageFormatter.swift in Sources */,
				241291C31AF7A83F005DC415 /* InMemoryDateFormatterPool.swift in Sources */,
				243A59141AF7F96E00E4BB8F /* Synchronized.swift in Sources */,
				240E1C311AF6C3F400C93F4D /* Level.swift in Sources */,
				241291C11AF7A659005DC415 /* MessageFormatter.swift in Sources */,
				243A589B1AF7B6EA00E4BB8F /* PlistConfigurationProvider.swift in Sources */,
				24D5A06D1AF897F000C536C7 /* String.swift in Sources */,
				240E1C431AF73DDB00C93F4D /* MessagePosition.swift in Sources */,
				241291BF1AF7A3A4005DC415 /* MessageProvider.swift in Sources */,
				243A58961AF7B07500E4BB8F /* Basename.swift in Sources */,
				243A58981AF7B5BF00E4BB8F /* ConsoleMessageWriter.swift in Sources */,
				241291BD1AF7A37F005DC415 /* MessageWriter.swift in Sources */,
			);
			runOnlyForDeploymentPostprocessing = 0;
		};
		248492161AF6B386000151A2 /* Sources */ = {
			isa = PBXSourcesBuildPhase;
			buildActionMask = 2147483647;
			files = (
				24D5A0701AF8998100C536C7 /* String.swift in Sources */,
				241291B11AF799F6005DC415 /* Level.swift in Sources */,
				243A59171AF7FC2300E4BB8F /* InMemoryDateFormatterPoolSpec.swift in Sources */,
				243A590F1AF7F3E600E4BB8F /* DefaultMessageFormatterSpec.swift in Sources */,
				243A591A1AF7FD7400E4BB8F /* LevelSpec.swift in Sources */,
				243A589E1AF7B6F700E4BB8F /* Configuration.swift in Sources */,
				243A58F71AF7CC9300E4BB8F /* MessageWriterManager.swift in Sources */,
				243A58A21AF7B6F700E4BB8F /* DefaultMessageFormatter.swift in Sources */,
				243A589D1AF7B6F700E4BB8F /* Basename.swift in Sources */,
				24D5A0751AF89AF200C536C7 /* Range.swift in Sources */,
				243A58A61AF7B6F700E4BB8F /* MessageWriter.swift in Sources */,
				243A58A51AF7B6F700E4BB8F /* MessageProvider.swift in Sources */,
				243A58EF1AF7CBA200E4BB8F /* Logger.swift in Sources */,
				243A59091AF7D3CF00E4BB8F /* ConfigurationSpec.swift in Sources */,
				243A58F41AF7CC6800E4BB8F /* ConfigurationProviderManager.swift in Sources */,
				243A59121AF7F96A00E4BB8F /* Synchronized.swift in Sources */,
				241291AF1AF799E6005DC415 /* MessagePosition.swift in Sources */,
				241291AA1AF799C5005DC415 /* MessagePositionSpec.swift in Sources */,
				243A590C1AF7EE5500E4BB8F /* ConsoleMessageWriterSpec.swift in Sources */,
				243A59201AF8004D00E4BB8F /* PlistConfigurationProviderSpec.swift in Sources */,
				243A59031AF7D36000E4BB8F /* BasenameSpec.swift in Sources */,
				243A58B21AF7B6FC00E4BB8F /* PlistConfigurationProvider.swift in Sources */,
				243A58A31AF7B6F700E4BB8F /* InMemoryDateFormatterPool.swift in Sources */,
				243A58A41AF7B6F700E4BB8F /* MessageFormatter.swift in Sources */,
				243A589F1AF7B6F700E4BB8F /* ConfigurationProvider.swift in Sources */,
				243A58A11AF7B6F700E4BB8F /* DateFormatterPool.swift in Sources */,
				243A59061AF7D39000E4BB8F /* ConfigurationProviderManagerSpec.swift in Sources */,
				243A59001AF7D33300E4BB8F /* MessageWriterManagerSpec.swift in Sources */,
				243A591D1AF7FDAA00E4BB8F /* LoggerSpec.swift in Sources */,
				243A58A01AF7B6F700E4BB8F /* ConsoleMessageWriter.swift in Sources */,
			);
			runOnlyForDeploymentPostprocessing = 0;
		};
		2484922B1AF6BA83000151A2 /* Sources */ = {
			isa = PBXSourcesBuildPhase;
			buildActionMask = 2147483647;
			files = (
				241291D01AF7AE3E005DC415 /* Configuration.swift in Sources */,
				243A58991AF7B5BF00E4BB8F /* ConsoleMessageWriter.swift in Sources */,
				241291D11AF7AE3E005DC415 /* ConfigurationProvider.swift in Sources */,
				243A58F31AF7CC6700E4BB8F /* ConfigurationProviderManager.swift in Sources */,
				24D5A0741AF89AF100C536C7 /* Range.swift in Sources */,
				243A58EE1AF7CBA200E4BB8F /* Logger.swift in Sources */,
				243A58F81AF7CC9300E4BB8F /* MessageWriterManager.swift in Sources */,
				241291D21AF7AE3E005DC415 /* DateFormatterPool.swift in Sources */,
				241291D31AF7AE3E005DC415 /* DefaultMessageFormatter.swift in Sources */,
				243A59151AF7F96F00E4BB8F /* Synchronized.swift in Sources */,
				243A589C1AF7B6EA00E4BB8F /* PlistConfigurationProvider.swift in Sources */,
				241291D41AF7AE3E005DC415 /* InMemoryDateFormatterPool.swift in Sources */,
				241291AC1AF799CE005DC415 /* Level.swift in Sources */,
				24D5A06F1AF8998000C536C7 /* String.swift in Sources */,
				241291D51AF7AE3E005DC415 /* MessageFormatter.swift in Sources */,
				241291AD1AF799D1005DC415 /* MessagePosition.swift in Sources */,
				241291D61AF7AE3E005DC415 /* MessageProvider.swift in Sources */,
				243A58A71AF7B6F800E4BB8F /* Basename.swift in Sources */,
				241291D71AF7AE3E005DC415 /* MessageWriter.swift in Sources */,
			);
			runOnlyForDeploymentPostprocessing = 0;
		};
		248492361AF6BA83000151A2 /* Sources */ = {
			isa = PBXSourcesBuildPhase;
			buildActionMask = 2147483647;
			files = (
				24D5A06E1AF8997F00C536C7 /* String.swift in Sources */,
				241291B01AF799F6005DC415 /* Level.swift in Sources */,
				243A59181AF7FC2300E4BB8F /* InMemoryDateFormatterPoolSpec.swift in Sources */,
				243A59101AF7F3E600E4BB8F /* DefaultMessageFormatterSpec.swift in Sources */,
				243A591B1AF7FD7400E4BB8F /* LevelSpec.swift in Sources */,
				243A58A91AF7B6F800E4BB8F /* Configuration.swift in Sources */,
				243A58F91AF7CC9300E4BB8F /* MessageWriterManager.swift in Sources */,
				243A58AD1AF7B6F800E4BB8F /* DefaultMessageFormatter.swift in Sources */,
				243A58A81AF7B6F800E4BB8F /* Basename.swift in Sources */,
				24D5A0731AF89AF100C536C7 /* Range.swift in Sources */,
				243A58B11AF7B6F800E4BB8F /* MessageWriter.swift in Sources */,
				243A58B01AF7B6F800E4BB8F /* MessageProvider.swift in Sources */,
				243A58ED1AF7CBA100E4BB8F /* Logger.swift in Sources */,
				243A590A1AF7D3CF00E4BB8F /* ConfigurationSpec.swift in Sources */,
				243A58F21AF7CC6600E4BB8F /* ConfigurationProviderManager.swift in Sources */,
				243A59131AF7F96A00E4BB8F /* Synchronized.swift in Sources */,
				241291AE1AF799E4005DC415 /* MessagePosition.swift in Sources */,
				241291AB1AF799C8005DC415 /* MessagePositionSpec.swift in Sources */,
				243A590D1AF7EE5500E4BB8F /* ConsoleMessageWriterSpec.swift in Sources */,
				243A59211AF8004D00E4BB8F /* PlistConfigurationProviderSpec.swift in Sources */,
				243A59041AF7D36000E4BB8F /* BasenameSpec.swift in Sources */,
				243A58B31AF7B6FC00E4BB8F /* PlistConfigurationProvider.swift in Sources */,
				243A58AE1AF7B6F800E4BB8F /* InMemoryDateFormatterPool.swift in Sources */,
				243A58AF1AF7B6F800E4BB8F /* MessageFormatter.swift in Sources */,
				243A58AA1AF7B6F800E4BB8F /* ConfigurationProvider.swift in Sources */,
				243A58AC1AF7B6F800E4BB8F /* DateFormatterPool.swift in Sources */,
				243A59071AF7D39000E4BB8F /* ConfigurationProviderManagerSpec.swift in Sources */,
				243A59011AF7D33300E4BB8F /* MessageWriterManagerSpec.swift in Sources */,
				243A591E1AF7FDAA00E4BB8F /* LoggerSpec.swift in Sources */,
				243A58AB1AF7B6F800E4BB8F /* ConsoleMessageWriter.swift in Sources */,
			);
			runOnlyForDeploymentPostprocessing = 0;
		};
/* End PBXSourcesBuildPhase section */

/* Begin PBXTargetDependency section */
		2484921D1AF6B386000151A2 /* PBXTargetDependency */ = {
			isa = PBXTargetDependency;
			target = 2484920E1AF6B386000151A2 /* LoggerLogger-iOS */;
			targetProxy = 2484921C1AF6B386000151A2 /* PBXContainerItemProxy */;
		};
		2484923D1AF6BA83000151A2 /* PBXTargetDependency */ = {
			isa = PBXTargetDependency;
			target = 2484922F1AF6BA83000151A2 /* LoggerLogger-Mac */;
			targetProxy = 2484923C1AF6BA83000151A2 /* PBXContainerItemProxy */;
		};
/* End PBXTargetDependency section */

/* Begin XCBuildConfiguration section */
		248492231AF6B386000151A2 /* Debug */ = {
			isa = XCBuildConfiguration;
			buildSettings = {
				ALWAYS_SEARCH_USER_PATHS = NO;
				CLANG_CXX_LANGUAGE_STANDARD = "gnu++0x";
				CLANG_CXX_LIBRARY = "libc++";
				CLANG_ENABLE_MODULES = YES;
				CLANG_ENABLE_OBJC_ARC = YES;
				CLANG_WARN_BOOL_CONVERSION = YES;
				CLANG_WARN_CONSTANT_CONVERSION = YES;
				CLANG_WARN_DIRECT_OBJC_ISA_USAGE = YES_ERROR;
				CLANG_WARN_EMPTY_BODY = YES;
				CLANG_WARN_ENUM_CONVERSION = YES;
				CLANG_WARN_INT_CONVERSION = YES;
				CLANG_WARN_OBJC_ROOT_CLASS = YES_ERROR;
				CLANG_WARN_UNREACHABLE_CODE = YES;
				CLANG_WARN__DUPLICATE_METHOD_MATCH = YES;
				"CODE_SIGN_IDENTITY[sdk=iphoneos*]" = "iPhone Developer";
				COPY_PHASE_STRIP = NO;
				CURRENT_PROJECT_VERSION = 1;
				DEBUG_INFORMATION_FORMAT = "dwarf-with-dsym";
				ENABLE_STRICT_OBJC_MSGSEND = YES;
				GCC_C_LANGUAGE_STANDARD = gnu99;
				GCC_DYNAMIC_NO_PIC = NO;
				GCC_NO_COMMON_BLOCKS = YES;
				GCC_OPTIMIZATION_LEVEL = 0;
				GCC_PREPROCESSOR_DEFINITIONS = (
					"DEBUG=1",
					"$(inherited)",
				);
				GCC_SYMBOLS_PRIVATE_EXTERN = NO;
				GCC_WARN_64_TO_32_BIT_CONVERSION = YES;
				GCC_WARN_ABOUT_RETURN_TYPE = YES_ERROR;
				GCC_WARN_UNDECLARED_SELECTOR = YES;
				GCC_WARN_UNINITIALIZED_AUTOS = YES_AGGRESSIVE;
				GCC_WARN_UNUSED_FUNCTION = YES;
				GCC_WARN_UNUSED_VARIABLE = YES;
				IPHONEOS_DEPLOYMENT_TARGET = 8.0;
				MACOSX_DEPLOYMENT_TARGET = 10.9;
				MTL_ENABLE_DEBUG_INFO = YES;
				ONLY_ACTIVE_ARCH = YES;
				SDKROOT = iphoneos;
				SWIFT_OPTIMIZATION_LEVEL = "-Onone";
				TARGETED_DEVICE_FAMILY = "1,2";
				VERSIONING_SYSTEM = "apple-generic";
				VERSION_INFO_PREFIX = "";
			};
			name = Debug;
		};
		248492241AF6B386000151A2 /* Release */ = {
			isa = XCBuildConfiguration;
			buildSettings = {
				ALWAYS_SEARCH_USER_PATHS = NO;
				CLANG_CXX_LANGUAGE_STANDARD = "gnu++0x";
				CLANG_CXX_LIBRARY = "libc++";
				CLANG_ENABLE_MODULES = YES;
				CLANG_ENABLE_OBJC_ARC = YES;
				CLANG_WARN_BOOL_CONVERSION = YES;
				CLANG_WARN_CONSTANT_CONVERSION = YES;
				CLANG_WARN_DIRECT_OBJC_ISA_USAGE = YES_ERROR;
				CLANG_WARN_EMPTY_BODY = YES;
				CLANG_WARN_ENUM_CONVERSION = YES;
				CLANG_WARN_INT_CONVERSION = YES;
				CLANG_WARN_OBJC_ROOT_CLASS = YES_ERROR;
				CLANG_WARN_UNREACHABLE_CODE = YES;
				CLANG_WARN__DUPLICATE_METHOD_MATCH = YES;
				"CODE_SIGN_IDENTITY[sdk=iphoneos*]" = "iPhone Developer";
				COPY_PHASE_STRIP = NO;
				CURRENT_PROJECT_VERSION = 1;
				DEBUG_INFORMATION_FORMAT = "dwarf-with-dsym";
				ENABLE_NS_ASSERTIONS = NO;
				ENABLE_STRICT_OBJC_MSGSEND = YES;
				GCC_C_LANGUAGE_STANDARD = gnu99;
				GCC_NO_COMMON_BLOCKS = YES;
				GCC_WARN_64_TO_32_BIT_CONVERSION = YES;
				GCC_WARN_ABOUT_RETURN_TYPE = YES_ERROR;
				GCC_WARN_UNDECLARED_SELECTOR = YES;
				GCC_WARN_UNINITIALIZED_AUTOS = YES_AGGRESSIVE;
				GCC_WARN_UNUSED_FUNCTION = YES;
				GCC_WARN_UNUSED_VARIABLE = YES;
				IPHONEOS_DEPLOYMENT_TARGET = 8.0;
				MACOSX_DEPLOYMENT_TARGET = 10.9;
				MTL_ENABLE_DEBUG_INFO = NO;
				SDKROOT = iphoneos;
				TARGETED_DEVICE_FAMILY = "1,2";
				VALIDATE_PRODUCT = YES;
				VERSIONING_SYSTEM = "apple-generic";
				VERSION_INFO_PREFIX = "";
			};
			name = Release;
		};
		248492261AF6B386000151A2 /* Debug */ = {
			isa = XCBuildConfiguration;
			buildSettings = {
				CLANG_ENABLE_MODULES = YES;
				DEFINES_MODULE = YES;
				DYLIB_COMPATIBILITY_VERSION = 1;
				DYLIB_CURRENT_VERSION = 1;
				DYLIB_INSTALL_NAME_BASE = "@rpath";
				FRAMEWORK_SEARCH_PATHS = (
					"$(inherited)",
					"$(PROJECT_DIR)/Carthage/Build/iOS",
				);
				INFOPLIST_FILE = LoggerLogger/Info.plist;
				INSTALL_PATH = "$(LOCAL_LIBRARY_DIR)/Frameworks";
				LD_RUNPATH_SEARCH_PATHS = "$(inherited) @executable_path/Frameworks @loader_path/Frameworks";
				PRODUCT_NAME = "$(PROJECT_NAME)";
				SKIP_INSTALL = YES;
				SWIFT_OPTIMIZATION_LEVEL = "-Onone";
			};
			name = Debug;
		};
		248492271AF6B386000151A2 /* Release */ = {
			isa = XCBuildConfiguration;
			buildSettings = {
				CLANG_ENABLE_MODULES = YES;
				DEFINES_MODULE = YES;
				DYLIB_COMPATIBILITY_VERSION = 1;
				DYLIB_CURRENT_VERSION = 1;
				DYLIB_INSTALL_NAME_BASE = "@rpath";
				FRAMEWORK_SEARCH_PATHS = (
					"$(inherited)",
					"$(PROJECT_DIR)/Carthage/Build/iOS",
				);
				INFOPLIST_FILE = LoggerLogger/Info.plist;
				INSTALL_PATH = "$(LOCAL_LIBRARY_DIR)/Frameworks";
				LD_RUNPATH_SEARCH_PATHS = "$(inherited) @executable_path/Frameworks @loader_path/Frameworks";
				PRODUCT_NAME = "$(PROJECT_NAME)";
				SKIP_INSTALL = YES;
			};
			name = Release;
		};
		248492291AF6B386000151A2 /* Debug */ = {
			isa = XCBuildConfiguration;
			buildSettings = {
				FRAMEWORK_SEARCH_PATHS = (
					"$(SDKROOT)/Developer/Library/Frameworks",
					"$(inherited)",
					"$(PROJECT_DIR)/Carthage/Build/iOS",
				);
				GCC_PREPROCESSOR_DEFINITIONS = (
					"DEBUG=1",
					"$(inherited)",
				);
				INFOPLIST_FILE = LoggerLoggerTests/Info.plist;
				LD_RUNPATH_SEARCH_PATHS = "$(inherited) @executable_path/Frameworks @loader_path/Frameworks";
				PRODUCT_NAME = "$(TARGET_NAME)";
			};
			name = Debug;
		};
		2484922A1AF6B386000151A2 /* Release */ = {
			isa = XCBuildConfiguration;
			buildSettings = {
				FRAMEWORK_SEARCH_PATHS = (
					"$(SDKROOT)/Developer/Library/Frameworks",
					"$(inherited)",
					"$(PROJECT_DIR)/Carthage/Build/iOS",
				);
				INFOPLIST_FILE = LoggerLoggerTests/Info.plist;
				LD_RUNPATH_SEARCH_PATHS = "$(inherited) @executable_path/Frameworks @loader_path/Frameworks";
				PRODUCT_NAME = "$(TARGET_NAME)";
			};
			name = Release;
		};
		248492441AF6BA83000151A2 /* Debug */ = {
			isa = XCBuildConfiguration;
			buildSettings = {
				COMBINE_HIDPI_IMAGES = YES;
				DEBUG_INFORMATION_FORMAT = dwarf;
				DEFINES_MODULE = YES;
				DYLIB_COMPATIBILITY_VERSION = 1;
				DYLIB_CURRENT_VERSION = 1;
				DYLIB_INSTALL_NAME_BASE = "@rpath";
				FRAMEWORK_SEARCH_PATHS = (
					"$(inherited)",
					"$(PROJECT_DIR)/Carthage/Build/Mac",
				);
				FRAMEWORK_VERSION = A;
				GCC_PREPROCESSOR_DEFINITIONS = (
					"DEBUG=1",
					"$(inherited)",
				);
				INFOPLIST_FILE = LoggerLogger/Info.plist;
				INSTALL_PATH = "$(LOCAL_LIBRARY_DIR)/Frameworks";
				LD_RUNPATH_SEARCH_PATHS = "$(inherited) @executable_path/../Frameworks @loader_path/Frameworks";
				PRODUCT_NAME = "$(PROJECT_NAME)";
				SDKROOT = macosx;
				SKIP_INSTALL = YES;
			};
			name = Debug;
		};
		248492451AF6BA83000151A2 /* Release */ = {
			isa = XCBuildConfiguration;
			buildSettings = {
				COMBINE_HIDPI_IMAGES = YES;
				DEFINES_MODULE = YES;
				DYLIB_COMPATIBILITY_VERSION = 1;
				DYLIB_CURRENT_VERSION = 1;
				DYLIB_INSTALL_NAME_BASE = "@rpath";
				FRAMEWORK_SEARCH_PATHS = (
					"$(inherited)",
					"$(PROJECT_DIR)/Carthage/Build/Mac",
				);
				FRAMEWORK_VERSION = A;
				INFOPLIST_FILE = LoggerLogger/Info.plist;
				INSTALL_PATH = "$(LOCAL_LIBRARY_DIR)/Frameworks";
				LD_RUNPATH_SEARCH_PATHS = "$(inherited) @executable_path/../Frameworks @loader_path/Frameworks";
				PRODUCT_NAME = "$(PROJECT_NAME)";
				SDKROOT = macosx;
				SKIP_INSTALL = YES;
			};
			name = Release;
		};
		248492471AF6BA83000151A2 /* Debug */ = {
			isa = XCBuildConfiguration;
			buildSettings = {
				COMBINE_HIDPI_IMAGES = YES;
				DEBUG_INFORMATION_FORMAT = dwarf;
				FRAMEWORK_SEARCH_PATHS = (
					"$(DEVELOPER_FRAMEWORKS_DIR)",
					"$(inherited)",
					"$(PROJECT_DIR)/Carthage/Build/Mac",
				);
				GCC_PREPROCESSOR_DEFINITIONS = (
					"DEBUG=1",
					"$(inherited)",
				);
				INFOPLIST_FILE = LoggerLoggerTests/Info.plist;
				LD_RUNPATH_SEARCH_PATHS = "$(inherited) @executable_path/../Frameworks @loader_path/../Frameworks";
				MACOSX_DEPLOYMENT_TARGET = 10.10;
				PRODUCT_NAME = "$(TARGET_NAME)";
				SDKROOT = macosx;
			};
			name = Debug;
		};
		248492481AF6BA83000151A2 /* Release */ = {
			isa = XCBuildConfiguration;
			buildSettings = {
				COMBINE_HIDPI_IMAGES = YES;
				FRAMEWORK_SEARCH_PATHS = (
					"$(DEVELOPER_FRAMEWORKS_DIR)",
					"$(inherited)",
					"$(PROJECT_DIR)/Carthage/Build/Mac",
				);
				INFOPLIST_FILE = LoggerLoggerTests/Info.plist;
				LD_RUNPATH_SEARCH_PATHS = "$(inherited) @executable_path/../Frameworks @loader_path/../Frameworks";
				MACOSX_DEPLOYMENT_TARGET = 10.10;
				PRODUCT_NAME = "$(TARGET_NAME)";
				SDKROOT = macosx;
			};
			name = Release;
		};
/* End XCBuildConfiguration section */

/* Begin XCConfigurationList section */
		248492091AF6B386000151A2 /* Build configuration list for PBXProject "LoggerLogger" */ = {
			isa = XCConfigurationList;
			buildConfigurations = (
				248492231AF6B386000151A2 /* Debug */,
				248492241AF6B386000151A2 /* Release */,
			);
			defaultConfigurationIsVisible = 0;
			defaultConfigurationName = Release;
		};
		248492251AF6B386000151A2 /* Build configuration list for PBXNativeTarget "LoggerLogger-iOS" */ = {
			isa = XCConfigurationList;
			buildConfigurations = (
				248492261AF6B386000151A2 /* Debug */,
				248492271AF6B386000151A2 /* Release */,
			);
			defaultConfigurationIsVisible = 0;
			defaultConfigurationName = Release;
		};
		248492281AF6B386000151A2 /* Build configuration list for PBXNativeTarget "LoggerLoggerTests-iOS" */ = {
			isa = XCConfigurationList;
			buildConfigurations = (
				248492291AF6B386000151A2 /* Debug */,
				2484922A1AF6B386000151A2 /* Release */,
			);
			defaultConfigurationIsVisible = 0;
			defaultConfigurationName = Release;
		};
		248492431AF6BA83000151A2 /* Build configuration list for PBXNativeTarget "LoggerLogger-Mac" */ = {
			isa = XCConfigurationList;
			buildConfigurations = (
				248492441AF6BA83000151A2 /* Debug */,
				248492451AF6BA83000151A2 /* Release */,
			);
			defaultConfigurationIsVisible = 0;
			defaultConfigurationName = Release;
		};
		248492461AF6BA83000151A2 /* Build configuration list for PBXNativeTarget "LoggerLoggerTests-Mac" */ = {
			isa = XCConfigurationList;
			buildConfigurations = (
				248492471AF6BA83000151A2 /* Debug */,
				248492481AF6BA83000151A2 /* Release */,
			);
			defaultConfigurationIsVisible = 0;
			defaultConfigurationName = Release;
		};
/* End XCConfigurationList section */
	};
	rootObject = 248492061AF6B386000151A2 /* Project object */;
}
